// !$*UTF8*$!
{
	archiveVersion = 1;
	classes = {
	};
	objectVersion = 46;
	objects = {

/* Begin PBXBuildFile section */
		1111013014F292FD0088422F /* LinearMath.framework in Frameworks */ = {isa = PBXBuildFile; fileRef = 1111012F14F292FD0088422F /* LinearMath.framework */; };
		1111013214F293030088422F /* BulletCollision.framework in Frameworks */ = {isa = PBXBuildFile; fileRef = 1111013114F293030088422F /* BulletCollision.framework */; };
		1111013414F293090088422F /* BulletDynamics.framework in Frameworks */ = {isa = PBXBuildFile; fileRef = 1111013314F293090088422F /* BulletDynamics.framework */; };
		1118251B14F2553A00F198A7 /* Cocoa.framework in Frameworks */ = {isa = PBXBuildFile; fileRef = 1118251A14F2553A00F198A7 /* Cocoa.framework */; };
		1118254214F2559600F198A7 /* OpenGL.framework in Frameworks */ = {isa = PBXBuildFile; fileRef = 1118254114F2559600F198A7 /* OpenGL.framework */; };
		1118254414F2559B00F198A7 /* OpenAL.framework in Frameworks */ = {isa = PBXBuildFile; fileRef = 1118254314F2559B00F198A7 /* OpenAL.framework */; };
		1118254614F255A100F198A7 /* SDL.framework in Frameworks */ = {isa = PBXBuildFile; fileRef = 1118254514F255A100F198A7 /* SDL.framework */; };
		11273829151E06B900E5BFED /* AppMain.cpp in Sources */ = {isa = PBXBuildFile; fileRef = 112737DE151E06B800E5BFED /* AppMain.cpp */; };
		1127382A151E06B900E5BFED /* Cam.cpp in Sources */ = {isa = PBXBuildFile; fileRef = 112737E0151E06B800E5BFED /* Cam.cpp */; };
		1127382B151E06B900E5BFED /* GUIButton.cpp in Sources */ = {isa = PBXBuildFile; fileRef = 112737E3151E06B800E5BFED /* GUIButton.cpp */; };
		1127382C151E06B900E5BFED /* GUIButtonList.cpp in Sources */ = {isa = PBXBuildFile; fileRef = 112737E5151E06B800E5BFED /* GUIButtonList.cpp */; };
		1127382D151E06B900E5BFED /* GUICheckBox.cpp in Sources */ = {isa = PBXBuildFile; fileRef = 112737E7151E06B800E5BFED /* GUICheckBox.cpp */; };
		1127382E151E06B900E5BFED /* GUILabel.cpp in Sources */ = {isa = PBXBuildFile; fileRef = 112737E9151E06B800E5BFED /* GUILabel.cpp */; };
		1127382F151E06B900E5BFED /* GUIProgressBar.cpp in Sources */ = {isa = PBXBuildFile; fileRef = 112737EB151E06B800E5BFED /* GUIProgressBar.cpp */; };
		11273830151E06B900E5BFED /* GUIRect.cpp in Sources */ = {isa = PBXBuildFile; fileRef = 112737ED151E06B800E5BFED /* GUIRect.cpp */; };
		11273831151E06B900E5BFED /* GUIRoundedRect.cpp in Sources */ = {isa = PBXBuildFile; fileRef = 112737EF151E06B800E5BFED /* GUIRoundedRect.cpp */; };
		11273832151E06B900E5BFED /* GUIScrollView.cpp in Sources */ = {isa = PBXBuildFile; fileRef = 112737F1151E06B800E5BFED /* GUIScrollView.cpp */; };
		11273833151E06B900E5BFED /* GUISlider.cpp in Sources */ = {isa = PBXBuildFile; fileRef = 112737F3151E06B800E5BFED /* GUISlider.cpp */; };
		11273834151E06B900E5BFED /* GUITabs.cpp in Sources */ = {isa = PBXBuildFile; fileRef = 112737F5151E06B800E5BFED /* GUITabs.cpp */; };
		11273835151E06B900E5BFED /* GUITextField.cpp in Sources */ = {isa = PBXBuildFile; fileRef = 112737F7151E06B800E5BFED /* GUITextField.cpp */; };
		11273836151E06B900E5BFED /* GUIView.cpp in Sources */ = {isa = PBXBuildFile; fileRef = 112737F9151E06B800E5BFED /* GUIView.cpp */; };
		11273837151E06B900E5BFED /* InputController.cpp in Sources */ = {isa = PBXBuildFile; fileRef = 112737FB151E06B800E5BFED /* InputController.cpp */; };
		11273838151E06B900E5BFED /* BoundingVolumes.cpp in Sources */ = {isa = PBXBuildFile; fileRef = 112737FE151E06B800E5BFED /* BoundingVolumes.cpp */; };
		11273839151E06B900E5BFED /* Frustum3.cpp in Sources */ = {isa = PBXBuildFile; fileRef = 11273800151E06B800E5BFED /* Frustum3.cpp */; };
		1127383A151E06B900E5BFED /* Matrix4.cpp in Sources */ = {isa = PBXBuildFile; fileRef = 11273802151E06B800E5BFED /* Matrix4.cpp */; };
		1127383B151E06B900E5BFED /* Plane3.cpp in Sources */ = {isa = PBXBuildFile; fileRef = 11273804151E06B800E5BFED /* Plane3.cpp */; };
		1127383C151E06B900E5BFED /* Ray3.cpp in Sources */ = {isa = PBXBuildFile; fileRef = 11273806151E06B800E5BFED /* Ray3.cpp */; };
		1127383D151E06B900E5BFED /* Vector3.cpp in Sources */ = {isa = PBXBuildFile; fileRef = 11273808151E06B800E5BFED /* Vector3.cpp */; };
		1127383E151E06B900E5BFED /* Localization.cpp in Sources */ = {isa = PBXBuildFile; fileRef = 1127380A151E06B800E5BFED /* Localization.cpp */; };
		11273840151E06B900E5BFED /* MainMenu.xib in Resources */ = {isa = PBXBuildFile; fileRef = 1127380F151E06B800E5BFED /* MainMenu.xib */; };
		11273841151E06B900E5BFED /* main.mm in Sources */ = {isa = PBXBuildFile; fileRef = 11273811151E06B800E5BFED /* main.mm */; };
		11273843151E06B900E5BFED /* SDLMain.mm in Sources */ = {isa = PBXBuildFile; fileRef = 11273814151E06B800E5BFED /* SDLMain.mm */; };
		11273844151E06B900E5BFED /* ShaderProgram.cpp in Sources */ = {isa = PBXBuildFile; fileRef = 1127381A151E06B800E5BFED /* ShaderProgram.cpp */; };
		11273845151E06B900E5BFED /* TextFont.cpp in Sources */ = {isa = PBXBuildFile; fileRef = 1127381C151E06B800E5BFED /* TextFont.cpp */; };
		11273846151E06B900E5BFED /* Texture.cpp in Sources */ = {isa = PBXBuildFile; fileRef = 1127381E151E06B800E5BFED /* Texture.cpp */; };
		112DC3C914F2D35F00C7F7F7 /* SDL_image.framework in Frameworks */ = {isa = PBXBuildFile; fileRef = 112DC3C814F2D35F00C7F7F7 /* SDL_image.framework */; };
		112DC3CC14F2D36900C7F7F7 /* SDL_net.framework in Frameworks */ = {isa = PBXBuildFile; fileRef = 112DC3CB14F2D36900C7F7F7 /* SDL_net.framework */; };
		112DC3CE14F2D37400C7F7F7 /* SDL_ttf.framework in Frameworks */ = {isa = PBXBuildFile; fileRef = 112DC3CD14F2D37400C7F7F7 /* SDL_ttf.framework */; };
		115732761531AE5700CBEDEE /* Utilities.cpp in Sources */ = {isa = PBXBuildFile; fileRef = 115732751531AE5700CBEDEE /* Utilities.cpp */; };
		117C88FB151E1347003889EF /* Fonts in Resources */ = {isa = PBXBuildFile; fileRef = 117C88F6151E1347003889EF /* Fonts */; };
		117C88FC151E1347003889EF /* Textures in Resources */ = {isa = PBXBuildFile; fileRef = 117C88F7151E1347003889EF /* Textures */; };
		117C88FD151E1347003889EF /* Languages in Resources */ = {isa = PBXBuildFile; fileRef = 117C88F8151E1347003889EF /* Languages */; };
		117C88FE151E1347003889EF /* Shaders in Resources */ = {isa = PBXBuildFile; fileRef = 117C88F9151E1347003889EF /* Shaders */; };
		117C88FF151E1347003889EF /* Sounds in Resources */ = {isa = PBXBuildFile; fileRef = 117C88FA151E1347003889EF /* Sounds */; };
		11929B37152F3FB4001DF2C1 /* Model.cpp in Sources */ = {isa = PBXBuildFile; fileRef = 11929B36152F3FB4001DF2C1 /* Model.cpp */; };
		11AEE0E11530819E00D57BBA /* FileManager.cpp in Sources */ = {isa = PBXBuildFile; fileRef = 11AEE0E01530819E00D57BBA /* FileManager.cpp */; };
		11CDDD04153707D9000FD906 /* Models in Resources */ = {isa = PBXBuildFile; fileRef = 11CDDD03153707D9000FD906 /* Models */; };
		11CF968C1535E62E0026093F /* GUIImage.cpp in Sources */ = {isa = PBXBuildFile; fileRef = 11CF968B1535E62E0026093F /* GUIImage.cpp */; };
		11F4A11E15263D1F003C118E /* GUIClipRect.cpp in Sources */ = {isa = PBXBuildFile; fileRef = 11F4A11D15263D1F003C118E /* GUIClipRect.cpp */; };
/* End PBXBuildFile section */

/* Begin PBXFileReference section */
		1111012F14F292FD0088422F /* LinearMath.framework */ = {isa = PBXFileReference; lastKnownFileType = wrapper.framework; name = LinearMath.framework; path = Library/Frameworks/LinearMath.framework; sourceTree = SDKROOT; };
		1111013114F293030088422F /* BulletCollision.framework */ = {isa = PBXFileReference; lastKnownFileType = wrapper.framework; name = BulletCollision.framework; path = Library/Frameworks/BulletCollision.framework; sourceTree = SDKROOT; };
		1111013314F293090088422F /* BulletDynamics.framework */ = {isa = PBXFileReference; lastKnownFileType = wrapper.framework; name = BulletDynamics.framework; path = Library/Frameworks/BulletDynamics.framework; sourceTree = SDKROOT; };
		1118251614F2553A00F198A7 /* Olypsum.app */ = {isa = PBXFileReference; explicitFileType = wrapper.application; includeInIndex = 0; path = Olypsum.app; sourceTree = BUILT_PRODUCTS_DIR; };
		1118251A14F2553A00F198A7 /* Cocoa.framework */ = {isa = PBXFileReference; lastKnownFileType = wrapper.framework; name = Cocoa.framework; path = System/Library/Frameworks/Cocoa.framework; sourceTree = SDKROOT; };
		1118251D14F2553A00F198A7 /* AppKit.framework */ = {isa = PBXFileReference; lastKnownFileType = wrapper.framework; name = AppKit.framework; path = System/Library/Frameworks/AppKit.framework; sourceTree = SDKROOT; };
		1118251E14F2553A00F198A7 /* CoreData.framework */ = {isa = PBXFileReference; lastKnownFileType = wrapper.framework; name = CoreData.framework; path = System/Library/Frameworks/CoreData.framework; sourceTree = SDKROOT; };
		1118251F14F2553A00F198A7 /* Foundation.framework */ = {isa = PBXFileReference; lastKnownFileType = wrapper.framework; name = Foundation.framework; path = System/Library/Frameworks/Foundation.framework; sourceTree = SDKROOT; };
		1118254114F2559600F198A7 /* OpenGL.framework */ = {isa = PBXFileReference; lastKnownFileType = wrapper.framework; name = OpenGL.framework; path = System/Library/Frameworks/OpenGL.framework; sourceTree = SDKROOT; };
		1118254314F2559B00F198A7 /* OpenAL.framework */ = {isa = PBXFileReference; lastKnownFileType = wrapper.framework; name = OpenAL.framework; path = System/Library/Frameworks/OpenAL.framework; sourceTree = SDKROOT; };
		1118254514F255A100F198A7 /* SDL.framework */ = {isa = PBXFileReference; lastKnownFileType = wrapper.framework; name = SDL.framework; path = Library/Frameworks/SDL.framework; sourceTree = SDKROOT; };
		112737DE151E06B800E5BFED /* AppMain.cpp */ = {isa = PBXFileReference; fileEncoding = 4; lastKnownFileType = sourcecode.cpp.cpp; path = AppMain.cpp; sourceTree = "<group>"; };
		112737DF151E06B800E5BFED /* AppMain.h */ = {isa = PBXFileReference; fileEncoding = 4; lastKnownFileType = sourcecode.c.h; path = AppMain.h; sourceTree = "<group>"; };
		112737E0151E06B800E5BFED /* Cam.cpp */ = {isa = PBXFileReference; fileEncoding = 4; lastKnownFileType = sourcecode.cpp.cpp; path = Cam.cpp; sourceTree = "<group>"; };
		112737E1151E06B800E5BFED /* Cam.h */ = {isa = PBXFileReference; fileEncoding = 4; lastKnownFileType = sourcecode.c.h; path = Cam.h; sourceTree = "<group>"; };
		112737E3151E06B800E5BFED /* GUIButton.cpp */ = {isa = PBXFileReference; fileEncoding = 4; lastKnownFileType = sourcecode.cpp.cpp; path = GUIButton.cpp; sourceTree = "<group>"; };
		112737E4151E06B800E5BFED /* GUIButton.h */ = {isa = PBXFileReference; fileEncoding = 4; lastKnownFileType = sourcecode.c.h; path = GUIButton.h; sourceTree = "<group>"; };
		112737E5151E06B800E5BFED /* GUIButtonList.cpp */ = {isa = PBXFileReference; fileEncoding = 4; lastKnownFileType = sourcecode.cpp.cpp; path = GUIButtonList.cpp; sourceTree = "<group>"; };
		112737E6151E06B800E5BFED /* GUIButtonList.h */ = {isa = PBXFileReference; fileEncoding = 4; lastKnownFileType = sourcecode.c.h; path = GUIButtonList.h; sourceTree = "<group>"; };
		112737E7151E06B800E5BFED /* GUICheckBox.cpp */ = {isa = PBXFileReference; fileEncoding = 4; lastKnownFileType = sourcecode.cpp.cpp; path = GUICheckBox.cpp; sourceTree = "<group>"; };
		112737E8151E06B800E5BFED /* GUICheckBox.h */ = {isa = PBXFileReference; fileEncoding = 4; lastKnownFileType = sourcecode.c.h; path = GUICheckBox.h; sourceTree = "<group>"; };
		112737E9151E06B800E5BFED /* GUILabel.cpp */ = {isa = PBXFileReference; fileEncoding = 4; lastKnownFileType = sourcecode.cpp.cpp; path = GUILabel.cpp; sourceTree = "<group>"; };
		112737EA151E06B800E5BFED /* GUILabel.h */ = {isa = PBXFileReference; fileEncoding = 4; lastKnownFileType = sourcecode.c.h; path = GUILabel.h; sourceTree = "<group>"; };
		112737EB151E06B800E5BFED /* GUIProgressBar.cpp */ = {isa = PBXFileReference; fileEncoding = 4; lastKnownFileType = sourcecode.cpp.cpp; path = GUIProgressBar.cpp; sourceTree = "<group>"; };
		112737EC151E06B800E5BFED /* GUIProgressBar.h */ = {isa = PBXFileReference; fileEncoding = 4; lastKnownFileType = sourcecode.c.h; path = GUIProgressBar.h; sourceTree = "<group>"; };
		112737ED151E06B800E5BFED /* GUIRect.cpp */ = {isa = PBXFileReference; fileEncoding = 4; lastKnownFileType = sourcecode.cpp.cpp; path = GUIRect.cpp; sourceTree = "<group>"; };
		112737EE151E06B800E5BFED /* GUIRect.h */ = {isa = PBXFileReference; fileEncoding = 4; lastKnownFileType = sourcecode.c.h; path = GUIRect.h; sourceTree = "<group>"; };
		112737EF151E06B800E5BFED /* GUIRoundedRect.cpp */ = {isa = PBXFileReference; fileEncoding = 4; lastKnownFileType = sourcecode.cpp.cpp; path = GUIRoundedRect.cpp; sourceTree = "<group>"; };
		112737F0151E06B800E5BFED /* GUIRoundedRect.h */ = {isa = PBXFileReference; fileEncoding = 4; lastKnownFileType = sourcecode.c.h; path = GUIRoundedRect.h; sourceTree = "<group>"; };
		112737F1151E06B800E5BFED /* GUIScrollView.cpp */ = {isa = PBXFileReference; fileEncoding = 4; lastKnownFileType = sourcecode.cpp.cpp; path = GUIScrollView.cpp; sourceTree = "<group>"; };
		112737F2151E06B800E5BFED /* GUIScrollView.h */ = {isa = PBXFileReference; fileEncoding = 4; lastKnownFileType = sourcecode.c.h; path = GUIScrollView.h; sourceTree = "<group>"; };
		112737F3151E06B800E5BFED /* GUISlider.cpp */ = {isa = PBXFileReference; fileEncoding = 4; lastKnownFileType = sourcecode.cpp.cpp; path = GUISlider.cpp; sourceTree = "<group>"; };
		112737F4151E06B800E5BFED /* GUISlider.h */ = {isa = PBXFileReference; fileEncoding = 4; lastKnownFileType = sourcecode.c.h; path = GUISlider.h; sourceTree = "<group>"; };
		112737F5151E06B800E5BFED /* GUITabs.cpp */ = {isa = PBXFileReference; fileEncoding = 4; lastKnownFileType = sourcecode.cpp.cpp; path = GUITabs.cpp; sourceTree = "<group>"; };
		112737F6151E06B800E5BFED /* GUITabs.h */ = {isa = PBXFileReference; fileEncoding = 4; lastKnownFileType = sourcecode.c.h; path = GUITabs.h; sourceTree = "<group>"; };
		112737F7151E06B800E5BFED /* GUITextField.cpp */ = {isa = PBXFileReference; fileEncoding = 4; lastKnownFileType = sourcecode.cpp.cpp; path = GUITextField.cpp; sourceTree = "<group>"; };
		112737F8151E06B800E5BFED /* GUITextField.h */ = {isa = PBXFileReference; fileEncoding = 4; lastKnownFileType = sourcecode.c.h; path = GUITextField.h; sourceTree = "<group>"; };
		112737F9151E06B800E5BFED /* GUIView.cpp */ = {isa = PBXFileReference; fileEncoding = 4; lastKnownFileType = sourcecode.cpp.cpp; path = GUIView.cpp; sourceTree = "<group>"; };
		112737FA151E06B800E5BFED /* GUIView.h */ = {isa = PBXFileReference; fileEncoding = 4; lastKnownFileType = sourcecode.c.h; path = GUIView.h; sourceTree = "<group>"; };
		112737FB151E06B800E5BFED /* InputController.cpp */ = {isa = PBXFileReference; fileEncoding = 4; lastKnownFileType = sourcecode.cpp.cpp; path = InputController.cpp; sourceTree = "<group>"; };
		112737FC151E06B800E5BFED /* InputController.h */ = {isa = PBXFileReference; fileEncoding = 4; lastKnownFileType = sourcecode.c.h; path = InputController.h; sourceTree = "<group>"; };
		112737FE151E06B800E5BFED /* BoundingVolumes.cpp */ = {isa = PBXFileReference; fileEncoding = 4; lastKnownFileType = sourcecode.cpp.cpp; path = BoundingVolumes.cpp; sourceTree = "<group>"; };
		112737FF151E06B800E5BFED /* BoundingVolumes.h */ = {isa = PBXFileReference; fileEncoding = 4; lastKnownFileType = sourcecode.c.h; path = BoundingVolumes.h; sourceTree = "<group>"; };
		11273800151E06B800E5BFED /* Frustum3.cpp */ = {isa = PBXFileReference; fileEncoding = 4; lastKnownFileType = sourcecode.cpp.cpp; path = Frustum3.cpp; sourceTree = "<group>"; };
		11273801151E06B800E5BFED /* Frustum3.h */ = {isa = PBXFileReference; fileEncoding = 4; lastKnownFileType = sourcecode.c.h; path = Frustum3.h; sourceTree = "<group>"; };
		11273802151E06B800E5BFED /* Matrix4.cpp */ = {isa = PBXFileReference; fileEncoding = 4; lastKnownFileType = sourcecode.cpp.cpp; path = Matrix4.cpp; sourceTree = "<group>"; };
		11273803151E06B800E5BFED /* Matrix4.h */ = {isa = PBXFileReference; fileEncoding = 4; lastKnownFileType = sourcecode.c.h; path = Matrix4.h; sourceTree = "<group>"; };
		11273804151E06B800E5BFED /* Plane3.cpp */ = {isa = PBXFileReference; fileEncoding = 4; lastKnownFileType = sourcecode.cpp.cpp; path = Plane3.cpp; sourceTree = "<group>"; };
		11273805151E06B800E5BFED /* Plane3.h */ = {isa = PBXFileReference; fileEncoding = 4; lastKnownFileType = sourcecode.c.h; path = Plane3.h; sourceTree = "<group>"; };
		11273806151E06B800E5BFED /* Ray3.cpp */ = {isa = PBXFileReference; fileEncoding = 4; lastKnownFileType = sourcecode.cpp.cpp; path = Ray3.cpp; sourceTree = "<group>"; };
		11273807151E06B800E5BFED /* Ray3.h */ = {isa = PBXFileReference; fileEncoding = 4; lastKnownFileType = sourcecode.c.h; path = Ray3.h; sourceTree = "<group>"; };
		11273808151E06B800E5BFED /* Vector3.cpp */ = {isa = PBXFileReference; fileEncoding = 4; lastKnownFileType = sourcecode.cpp.cpp; path = Vector3.cpp; sourceTree = "<group>"; };
		11273809151E06B800E5BFED /* Vector3.h */ = {isa = PBXFileReference; fileEncoding = 4; lastKnownFileType = sourcecode.c.h; path = Vector3.h; sourceTree = "<group>"; };
		1127380A151E06B800E5BFED /* Localization.cpp */ = {isa = PBXFileReference; fileEncoding = 4; lastKnownFileType = sourcecode.cpp.cpp; path = Localization.cpp; sourceTree = "<group>"; };
		1127380B151E06B800E5BFED /* Localization.h */ = {isa = PBXFileReference; fileEncoding = 4; lastKnownFileType = sourcecode.c.h; path = Localization.h; sourceTree = "<group>"; };
		11273810151E06B800E5BFED /* en */ = {isa = PBXFileReference; lastKnownFileType = file.xib; name = en; path = en.lproj/MainMenu.xib; sourceTree = "<group>"; };
		11273811151E06B800E5BFED /* main.mm */ = {isa = PBXFileReference; fileEncoding = 4; lastKnownFileType = sourcecode.cpp.objcpp; path = main.mm; sourceTree = "<group>"; };
		11273813151E06B800E5BFED /* SDLMain.h */ = {isa = PBXFileReference; fileEncoding = 4; lastKnownFileType = sourcecode.c.h; path = SDLMain.h; sourceTree = "<group>"; };
		11273814151E06B800E5BFED /* SDLMain.mm */ = {isa = PBXFileReference; fileEncoding = 4; lastKnownFileType = sourcecode.cpp.objcpp; path = SDLMain.mm; sourceTree = "<group>"; };
		11273816151E06B800E5BFED /* rapidxml.hpp */ = {isa = PBXFileReference; fileEncoding = 4; lastKnownFileType = sourcecode.cpp.h; path = rapidxml.hpp; sourceTree = "<group>"; };
		11273817151E06B800E5BFED /* rapidxml_iterators.hpp */ = {isa = PBXFileReference; fileEncoding = 4; lastKnownFileType = sourcecode.cpp.h; path = rapidxml_iterators.hpp; sourceTree = "<group>"; };
		11273818151E06B800E5BFED /* rapidxml_print.hpp */ = {isa = PBXFileReference; fileEncoding = 4; lastKnownFileType = sourcecode.cpp.h; path = rapidxml_print.hpp; sourceTree = "<group>"; };
		11273819151E06B800E5BFED /* rapidxml_utils.hpp */ = {isa = PBXFileReference; fileEncoding = 4; lastKnownFileType = sourcecode.cpp.h; path = rapidxml_utils.hpp; sourceTree = "<group>"; };
		1127381A151E06B800E5BFED /* ShaderProgram.cpp */ = {isa = PBXFileReference; fileEncoding = 4; lastKnownFileType = sourcecode.cpp.cpp; path = ShaderProgram.cpp; sourceTree = "<group>"; };
		1127381B151E06B800E5BFED /* ShaderProgram.h */ = {isa = PBXFileReference; fileEncoding = 4; lastKnownFileType = sourcecode.c.h; path = ShaderProgram.h; sourceTree = "<group>"; };
		1127381C151E06B800E5BFED /* TextFont.cpp */ = {isa = PBXFileReference; fileEncoding = 4; lastKnownFileType = sourcecode.cpp.cpp; path = TextFont.cpp; sourceTree = "<group>"; };
		1127381D151E06B800E5BFED /* TextFont.h */ = {isa = PBXFileReference; fileEncoding = 4; lastKnownFileType = sourcecode.c.h; path = TextFont.h; sourceTree = "<group>"; };
		1127381E151E06B800E5BFED /* Texture.cpp */ = {isa = PBXFileReference; fileEncoding = 4; lastKnownFileType = sourcecode.cpp.cpp; path = Texture.cpp; sourceTree = "<group>"; };
		1127381F151E06B800E5BFED /* Texture.h */ = {isa = PBXFileReference; fileEncoding = 4; lastKnownFileType = sourcecode.c.h; path = Texture.h; sourceTree = "<group>"; };
		11273820151E06B800E5BFED /* Utilities.h */ = {isa = PBXFileReference; fileEncoding = 4; lastKnownFileType = sourcecode.c.h; path = Utilities.h; sourceTree = "<group>"; };
		11273847151E085800E5BFED /* Info.plist */ = {isa = PBXFileReference; fileEncoding = 4; lastKnownFileType = text.plist.xml; path = Info.plist; sourceTree = "<group>"; };
		112DC3C814F2D35F00C7F7F7 /* SDL_image.framework */ = {isa = PBXFileReference; lastKnownFileType = wrapper.framework; name = SDL_image.framework; path = Library/Frameworks/SDL_image.framework; sourceTree = SDKROOT; };
		112DC3CB14F2D36900C7F7F7 /* SDL_net.framework */ = {isa = PBXFileReference; lastKnownFileType = wrapper.framework; name = SDL_net.framework; path = Library/Frameworks/SDL_net.framework; sourceTree = SDKROOT; };
		112DC3CD14F2D37400C7F7F7 /* SDL_ttf.framework */ = {isa = PBXFileReference; lastKnownFileType = wrapper.framework; name = SDL_ttf.framework; path = Library/Frameworks/SDL_ttf.framework; sourceTree = SDKROOT; };
		115732751531AE5700CBEDEE /* Utilities.cpp */ = {isa = PBXFileReference; fileEncoding = 4; lastKnownFileType = sourcecode.cpp.cpp; path = Utilities.cpp; sourceTree = "<group>"; };
		117C88F6151E1347003889EF /* Fonts */ = {isa = PBXFileReference; lastKnownFileType = folder; path = Fonts; sourceTree = "<group>"; };
		117C88F7151E1347003889EF /* Textures */ = {isa = PBXFileReference; lastKnownFileType = folder; path = Textures; sourceTree = "<group>"; };
		117C88F8151E1347003889EF /* Languages */ = {isa = PBXFileReference; lastKnownFileType = folder; path = Languages; sourceTree = "<group>"; };
		117C88F9151E1347003889EF /* Shaders */ = {isa = PBXFileReference; lastKnownFileType = folder; path = Shaders; sourceTree = "<group>"; };
		117C88FA151E1347003889EF /* Sounds */ = {isa = PBXFileReference; lastKnownFileType = folder; path = Sounds; sourceTree = "<group>"; };
		11929B36152F3FB4001DF2C1 /* Model.cpp */ = {isa = PBXFileReference; fileEncoding = 4; lastKnownFileType = sourcecode.cpp.cpp; path = Model.cpp; sourceTree = "<group>"; };
		11929B39152F3FC8001DF2C1 /* Model.h */ = {isa = PBXFileReference; lastKnownFileType = sourcecode.c.h; path = Model.h; sourceTree = "<group>"; };
		11AEE0DE1530817000D57BBA /* FileManager.h */ = {isa = PBXFileReference; lastKnownFileType = sourcecode.c.h; path = FileManager.h; sourceTree = "<group>"; };
		11AEE0E01530819E00D57BBA /* FileManager.cpp */ = {isa = PBXFileReference; fileEncoding = 4; lastKnownFileType = sourcecode.cpp.cpp; path = FileManager.cpp; sourceTree = "<group>"; };
		11CDDD03153707D9000FD906 /* Models */ = {isa = PBXFileReference; lastKnownFileType = folder; path = Models; sourceTree = "<group>"; };
		11CF96891535E5C50026093F /* GUIImage.h */ = {isa = PBXFileReference; lastKnownFileType = sourcecode.c.h; path = GUIImage.h; sourceTree = "<group>"; };
		11CF968B1535E62E0026093F /* GUIImage.cpp */ = {isa = PBXFileReference; fileEncoding = 4; lastKnownFileType = sourcecode.cpp.cpp; path = GUIImage.cpp; sourceTree = "<group>"; };
		11F4A11D15263D1F003C118E /* GUIClipRect.cpp */ = {isa = PBXFileReference; fileEncoding = 4; lastKnownFileType = sourcecode.cpp.cpp; path = GUIClipRect.cpp; sourceTree = "<group>"; };
		11F4A12015263D5D003C118E /* GUIClipRect.h */ = {isa = PBXFileReference; fileEncoding = 4; lastKnownFileType = sourcecode.c.h; path = GUIClipRect.h; sourceTree = "<group>"; };
/* End PBXFileReference section */

/* Begin PBXFrameworksBuildPhase section */
		1118251314F2553900F198A7 /* Frameworks */ = {
			isa = PBXFrameworksBuildPhase;
			buildActionMask = 2147483647;
			files = (
				112DC3CE14F2D37400C7F7F7 /* SDL_ttf.framework in Frameworks */,
				112DC3CC14F2D36900C7F7F7 /* SDL_net.framework in Frameworks */,
				112DC3C914F2D35F00C7F7F7 /* SDL_image.framework in Frameworks */,
				1111013414F293090088422F /* BulletDynamics.framework in Frameworks */,
				1111013214F293030088422F /* BulletCollision.framework in Frameworks */,
				1111013014F292FD0088422F /* LinearMath.framework in Frameworks */,
				1118254614F255A100F198A7 /* SDL.framework in Frameworks */,
				1118254414F2559B00F198A7 /* OpenAL.framework in Frameworks */,
				1118254214F2559600F198A7 /* OpenGL.framework in Frameworks */,
				1118251B14F2553A00F198A7 /* Cocoa.framework in Frameworks */,
			);
			runOnlyForDeploymentPostprocessing = 0;
		};
/* End PBXFrameworksBuildPhase section */

/* Begin PBXGroup section */
		1118250B14F2553900F198A7 = {
			isa = PBXGroup;
			children = (
				112737CF151E06B800E5BFED /* Resoucres */,
				112737DD151E06B800E5BFED /* Source */,
				1118251914F2553A00F198A7 /* Frameworks */,
				1118251714F2553A00F198A7 /* Products */,
			);
			sourceTree = "<group>";
		};
		1118251714F2553A00F198A7 /* Products */ = {
			isa = PBXGroup;
			children = (
				1118251614F2553A00F198A7 /* Olypsum.app */,
			);
			name = Products;
			sourceTree = "<group>";
		};
		1118251914F2553A00F198A7 /* Frameworks */ = {
			isa = PBXGroup;
			children = (
				1111013314F293090088422F /* BulletDynamics.framework */,
				1111013114F293030088422F /* BulletCollision.framework */,
				1111012F14F292FD0088422F /* LinearMath.framework */,
				1118254514F255A100F198A7 /* SDL.framework */,
				112DC3CD14F2D37400C7F7F7 /* SDL_ttf.framework */,
				112DC3CB14F2D36900C7F7F7 /* SDL_net.framework */,
				112DC3C814F2D35F00C7F7F7 /* SDL_image.framework */,
				1118254314F2559B00F198A7 /* OpenAL.framework */,
				1118254114F2559600F198A7 /* OpenGL.framework */,
				1118251A14F2553A00F198A7 /* Cocoa.framework */,
				1118251C14F2553A00F198A7 /* Other Frameworks */,
			);
			name = Frameworks;
			sourceTree = "<group>";
		};
		1118251C14F2553A00F198A7 /* Other Frameworks */ = {
			isa = PBXGroup;
			children = (
				1118251D14F2553A00F198A7 /* AppKit.framework */,
				1118251E14F2553A00F198A7 /* CoreData.framework */,
				1118251F14F2553A00F198A7 /* Foundation.framework */,
			);
			name = "Other Frameworks";
			sourceTree = "<group>";
		};
		112737CF151E06B800E5BFED /* Resoucres */ = {
			isa = PBXGroup;
			children = (
				117C88F6151E1347003889EF /* Fonts */,
				117C88F7151E1347003889EF /* Textures */,
				117C88F8151E1347003889EF /* Languages */,
				117C88F9151E1347003889EF /* Shaders */,
				117C88FA151E1347003889EF /* Sounds */,
				11CDDD03153707D9000FD906 /* Models */,
			);
			path = Resoucres;
			sourceTree = "<group>";
		};
		112737DD151E06B800E5BFED /* Source */ = {
			isa = PBXGroup;
			children = (
				11273820151E06B800E5BFED /* Utilities.h */,
				115732751531AE5700CBEDEE /* Utilities.cpp */,
				112737FD151E06B800E5BFED /* LinearMaths */,
				1127381F151E06B800E5BFED /* Texture.h */,
				1127381E151E06B800E5BFED /* Texture.cpp */,
				112737E1151E06B800E5BFED /* Cam.h */,
				112737E0151E06B800E5BFED /* Cam.cpp */,
				11273815151E06B800E5BFED /* rapidxml-1.13 */,
				1127380B151E06B800E5BFED /* Localization.h */,
				1127380A151E06B800E5BFED /* Localization.cpp */,
				1127381B151E06B800E5BFED /* ShaderProgram.h */,
				1127381A151E06B800E5BFED /* ShaderProgram.cpp */,
				1127381D151E06B800E5BFED /* TextFont.h */,
				1127381C151E06B800E5BFED /* TextFont.cpp */,
				112737E2151E06B800E5BFED /* GUI */,
				112737FC151E06B800E5BFED /* InputController.h */,
				112737FB151E06B800E5BFED /* InputController.cpp */,
				11929B39152F3FC8001DF2C1 /* Model.h */,
				11929B36152F3FB4001DF2C1 /* Model.cpp */,
				11AEE0DE1530817000D57BBA /* FileManager.h */,
				11AEE0E01530819E00D57BBA /* FileManager.cpp */,
				112737DF151E06B800E5BFED /* AppMain.h */,
				112737DE151E06B800E5BFED /* AppMain.cpp */,
				1127380C151E06B800E5BFED /* macCompCode */,
			);
			path = Source;
			sourceTree = "<group>";
		};
		112737E2151E06B800E5BFED /* GUI */ = {
			isa = PBXGroup;
			children = (
				11F4A12015263D5D003C118E /* GUIClipRect.h */,
				11F4A11D15263D1F003C118E /* GUIClipRect.cpp */,
				112737EE151E06B800E5BFED /* GUIRect.h */,
				112737ED151E06B800E5BFED /* GUIRect.cpp */,
				112737F0151E06B800E5BFED /* GUIRoundedRect.h */,
				112737EF151E06B800E5BFED /* GUIRoundedRect.cpp */,
				112737FA151E06B800E5BFED /* GUIView.h */,
				112737F9151E06B800E5BFED /* GUIView.cpp */,
				112737F2151E06B800E5BFED /* GUIScrollView.h */,
				112737F1151E06B800E5BFED /* GUIScrollView.cpp */,
				112737EA151E06B800E5BFED /* GUILabel.h */,
				112737E9151E06B800E5BFED /* GUILabel.cpp */,
				112737E4151E06B800E5BFED /* GUIButton.h */,
				112737E3151E06B800E5BFED /* GUIButton.cpp */,
				112737E8151E06B800E5BFED /* GUICheckBox.h */,
				112737E7151E06B800E5BFED /* GUICheckBox.cpp */,
				112737E6151E06B800E5BFED /* GUIButtonList.h */,
				112737E5151E06B800E5BFED /* GUIButtonList.cpp */,
				112737F6151E06B800E5BFED /* GUITabs.h */,
				112737F5151E06B800E5BFED /* GUITabs.cpp */,
				112737EC151E06B800E5BFED /* GUIProgressBar.h */,
				112737EB151E06B800E5BFED /* GUIProgressBar.cpp */,
				112737F4151E06B800E5BFED /* GUISlider.h */,
				112737F3151E06B800E5BFED /* GUISlider.cpp */,
				112737F8151E06B800E5BFED /* GUITextField.h */,
				112737F7151E06B800E5BFED /* GUITextField.cpp */,
				11CF96891535E5C50026093F /* GUIImage.h */,
				11CF968B1535E62E0026093F /* GUIImage.cpp */,
			);
			path = GUI;
			sourceTree = "<group>";
		};
		112737FD151E06B800E5BFED /* LinearMaths */ = {
			isa = PBXGroup;
			children = (
				11273809151E06B800E5BFED /* Vector3.h */,
				11273808151E06B800E5BFED /* Vector3.cpp */,
				11273803151E06B800E5BFED /* Matrix4.h */,
				11273802151E06B800E5BFED /* Matrix4.cpp */,
				112737FF151E06B800E5BFED /* BoundingVolumes.h */,
				112737FE151E06B800E5BFED /* BoundingVolumes.cpp */,
				11273807151E06B800E5BFED /* Ray3.h */,
				11273806151E06B800E5BFED /* Ray3.cpp */,
				11273805151E06B800E5BFED /* Plane3.h */,
				11273804151E06B800E5BFED /* Plane3.cpp */,
				11273801151E06B800E5BFED /* Frustum3.h */,
				11273800151E06B800E5BFED /* Frustum3.cpp */,
			);
			path = LinearMaths;
			sourceTree = "<group>";
		};
		1127380C151E06B800E5BFED /* macCompCode */ = {
			isa = PBXGroup;
			children = (
				1127380F151E06B800E5BFED /* MainMenu.xib */,
				11273847151E085800E5BFED /* Info.plist */,
				11273813151E06B800E5BFED /* SDLMain.h */,
				11273814151E06B800E5BFED /* SDLMain.mm */,
				11273811151E06B800E5BFED /* main.mm */,
			);
			path = macCompCode;
			sourceTree = "<group>";
		};
		11273815151E06B800E5BFED /* rapidxml-1.13 */ = {
			isa = PBXGroup;
			children = (
				11273816151E06B800E5BFED /* rapidxml.hpp */,
				11273817151E06B800E5BFED /* rapidxml_iterators.hpp */,
				11273818151E06B800E5BFED /* rapidxml_print.hpp */,
				11273819151E06B800E5BFED /* rapidxml_utils.hpp */,
			);
			path = "rapidxml-1.13";
			sourceTree = "<group>";
		};
/* End PBXGroup section */

/* Begin PBXNativeTarget section */
		1118251514F2553900F198A7 /* Olypsum */ = {
			isa = PBXNativeTarget;
			buildConfigurationList = 1118253414F2553A00F198A7 /* Build configuration list for PBXNativeTarget "Olypsum" */;
			buildPhases = (
				1118251214F2553900F198A7 /* Sources */,
				1118251314F2553900F198A7 /* Frameworks */,
				1118251414F2553900F198A7 /* Resources */,
			);
			buildRules = (
			);
			dependencies = (
			);
			name = Olypsum;
			productName = Olypsum;
			productReference = 1118251614F2553A00F198A7 /* Olypsum.app */;
			productType = "com.apple.product-type.application";
		};
/* End PBXNativeTarget section */

/* Begin PBXProject section */
		1118250D14F2553900F198A7 /* Project object */ = {
			isa = PBXProject;
			attributes = {
				LastUpgradeCheck = 0430;
			};
			buildConfigurationList = 1118251014F2553900F198A7 /* Build configuration list for PBXProject "Olypsum" */;
			compatibilityVersion = "Xcode 3.2";
			developmentRegion = English;
			hasScannedForEncodings = 0;
			knownRegions = (
				en,
			);
			mainGroup = 1118250B14F2553900F198A7;
			productRefGroup = 1118251714F2553A00F198A7 /* Products */;
			projectDirPath = "";
			projectRoot = "";
			targets = (
				1118251514F2553900F198A7 /* Olypsum */,
			);
		};
/* End PBXProject section */

/* Begin PBXResourcesBuildPhase section */
		1118251414F2553900F198A7 /* Resources */ = {
			isa = PBXResourcesBuildPhase;
			buildActionMask = 2147483647;
			files = (
				11273840151E06B900E5BFED /* MainMenu.xib in Resources */,
				117C88FB151E1347003889EF /* Fonts in Resources */,
				117C88FC151E1347003889EF /* Textures in Resources */,
				117C88FD151E1347003889EF /* Languages in Resources */,
				117C88FE151E1347003889EF /* Shaders in Resources */,
				117C88FF151E1347003889EF /* Sounds in Resources */,
				11CDDD04153707D9000FD906 /* Models in Resources */,
			);
			runOnlyForDeploymentPostprocessing = 0;
		};
/* End PBXResourcesBuildPhase section */

/* Begin PBXSourcesBuildPhase section */
		1118251214F2553900F198A7 /* Sources */ = {
			isa = PBXSourcesBuildPhase;
			buildActionMask = 2147483647;
			files = (
				11273829151E06B900E5BFED /* AppMain.cpp in Sources */,
				1127382A151E06B900E5BFED /* Cam.cpp in Sources */,
				1127382B151E06B900E5BFED /* GUIButton.cpp in Sources */,
				1127382C151E06B900E5BFED /* GUIButtonList.cpp in Sources */,
				1127382D151E06B900E5BFED /* GUICheckBox.cpp in Sources */,
				1127382E151E06B900E5BFED /* GUILabel.cpp in Sources */,
				1127382F151E06B900E5BFED /* GUIProgressBar.cpp in Sources */,
				11273830151E06B900E5BFED /* GUIRect.cpp in Sources */,
				11273831151E06B900E5BFED /* GUIRoundedRect.cpp in Sources */,
				11273832151E06B900E5BFED /* GUIScrollView.cpp in Sources */,
				11273833151E06B900E5BFED /* GUISlider.cpp in Sources */,
				11273834151E06B900E5BFED /* GUITabs.cpp in Sources */,
				11273835151E06B900E5BFED /* GUITextField.cpp in Sources */,
				11273836151E06B900E5BFED /* GUIView.cpp in Sources */,
				11273837151E06B900E5BFED /* InputController.cpp in Sources */,
				11273838151E06B900E5BFED /* BoundingVolumes.cpp in Sources */,
				11273839151E06B900E5BFED /* Frustum3.cpp in Sources */,
				1127383A151E06B900E5BFED /* Matrix4.cpp in Sources */,
				1127383B151E06B900E5BFED /* Plane3.cpp in Sources */,
				1127383C151E06B900E5BFED /* Ray3.cpp in Sources */,
				1127383D151E06B900E5BFED /* Vector3.cpp in Sources */,
				1127383E151E06B900E5BFED /* Localization.cpp in Sources */,
				11273841151E06B900E5BFED /* main.mm in Sources */,
				11273843151E06B900E5BFED /* SDLMain.mm in Sources */,
				11273844151E06B900E5BFED /* ShaderProgram.cpp in Sources */,
				11273845151E06B900E5BFED /* TextFont.cpp in Sources */,
				11273846151E06B900E5BFED /* Texture.cpp in Sources */,
				11F4A11E15263D1F003C118E /* GUIClipRect.cpp in Sources */,
				11929B37152F3FB4001DF2C1 /* Model.cpp in Sources */,
				11AEE0E11530819E00D57BBA /* FileManager.cpp in Sources */,
				115732761531AE5700CBEDEE /* Utilities.cpp in Sources */,
				11CF968C1535E62E0026093F /* GUIImage.cpp in Sources */,
			);
			runOnlyForDeploymentPostprocessing = 0;
		};
/* End PBXSourcesBuildPhase section */

/* Begin PBXVariantGroup section */
		1127380F151E06B800E5BFED /* MainMenu.xib */ = {
			isa = PBXVariantGroup;
			children = (
				11273810151E06B800E5BFED /* en */,
			);
			name = MainMenu.xib;
			sourceTree = "<group>";
		};
/* End PBXVariantGroup section */

/* Begin XCBuildConfiguration section */
		1118253214F2553A00F198A7 /* Debug */ = {
			isa = XCBuildConfiguration;
			buildSettings = {
				ALWAYS_SEARCH_USER_PATHS = NO;
				ARCHS = "$(ARCHS_STANDARD_64_BIT)";
				CLANG_ENABLE_OBJC_ARC = YES;
				COPY_PHASE_STRIP = NO;
				GCC_C_LANGUAGE_STANDARD = gnu99;
				GCC_DYNAMIC_NO_PIC = NO;
				GCC_ENABLE_OBJC_EXCEPTIONS = YES;
				GCC_OPTIMIZATION_LEVEL = 0;
				GCC_PREPROCESSOR_DEFINITIONS = (
					"DEBUG=1",
					"$(inherited)",
				);
				GCC_SYMBOLS_PRIVATE_EXTERN = NO;
				GCC_VERSION = com.apple.compilers.llvm.clang.1_0;
				GCC_WARN_64_TO_32_BIT_CONVERSION = YES;
				GCC_WARN_ABOUT_MISSING_PROTOTYPES = YES;
				GCC_WARN_ABOUT_RETURN_TYPE = YES;
				GCC_WARN_UNUSED_VARIABLE = YES;
				MACOSX_DEPLOYMENT_TARGET = 10.7;
				ONLY_ACTIVE_ARCH = YES;
				SDKROOT = macosx;
			};
			name = Debug;
		};
		1118253314F2553A00F198A7 /* Release */ = {
			isa = XCBuildConfiguration;
			buildSettings = {
				ALWAYS_SEARCH_USER_PATHS = NO;
				ARCHS = "$(ARCHS_STANDARD_64_BIT)";
				CLANG_ENABLE_OBJC_ARC = YES;
				COPY_PHASE_STRIP = YES;
				DEBUG_INFORMATION_FORMAT = "dwarf-with-dsym";
				GCC_C_LANGUAGE_STANDARD = gnu99;
				GCC_ENABLE_OBJC_EXCEPTIONS = YES;
				GCC_VERSION = com.apple.compilers.llvm.clang.1_0;
				GCC_WARN_64_TO_32_BIT_CONVERSION = YES;
				GCC_WARN_ABOUT_MISSING_PROTOTYPES = YES;
				GCC_WARN_ABOUT_RETURN_TYPE = YES;
				GCC_WARN_UNUSED_VARIABLE = YES;
				MACOSX_DEPLOYMENT_TARGET = 10.7;
				SDKROOT = macosx;
			};
			name = Release;
		};
		1118253514F2553A00F198A7 /* Debug */ = {
			isa = XCBuildConfiguration;
			buildSettings = {
				GCC_PRECOMPILE_PREFIX_HEADER = NO;
				GCC_PREFIX_HEADER = "";
				INFOPLIST_FILE = Source/macCompCode/Info.plist;
				PRECOMPS_INCLUDE_HEADERS_FROM_BUILT_PRODUCTS_DIR = YES;
				PRODUCT_NAME = "$(TARGET_NAME)";
				SHARED_PRECOMPS_DIR = "$(CACHE_ROOT)/SharedPrecompiledHeaders";
				WRAPPER_EXTENSION = app;
			};
			name = Debug;
		};
		1118253614F2553A00F198A7 /* Release */ = {
			isa = XCBuildConfiguration;
			buildSettings = {
				GCC_PRECOMPILE_PREFIX_HEADER = NO;
				GCC_PREFIX_HEADER = "";
				INFOPLIST_FILE = Source/macCompCode/Info.plist;
				PRECOMPS_INCLUDE_HEADERS_FROM_BUILT_PRODUCTS_DIR = YES;
				PRODUCT_NAME = "$(TARGET_NAME)";
				SHARED_PRECOMPS_DIR = "$(CACHE_ROOT)/SharedPrecompiledHeaders";
				WRAPPER_EXTENSION = app;
			};
			name = Release;
		};
/* End XCBuildConfiguration section */

/* Begin XCConfigurationList section */
		1118251014F2553900F198A7 /* Build configuration list for PBXProject "Olypsum" */ = {
			isa = XCConfigurationList;
			buildConfigurations = (
				1118253214F2553A00F198A7 /* Debug */,
				1118253314F2553A00F198A7 /* Release */,
			);
			defaultConfigurationIsVisible = 0;
			defaultConfigurationName = Release;
		};
		1118253414F2553A00F198A7 /* Build configuration list for PBXNativeTarget "Olypsum" */ = {
			isa = XCConfigurationList;
			buildConfigurations = (
				1118253514F2553A00F198A7 /* Debug */,
				1118253614F2553A00F198A7 /* Release */,
			);
			defaultConfigurationIsVisible = 0;
			defaultConfigurationName = Release;
		};
/* End XCConfigurationList section */
	};
	rootObject = 1118250D14F2553900F198A7 /* Project object */;
}
