// !$*UTF8*$!
{
	archiveVersion = 1;
	classes = {
	};
	objectVersion = 46;
	objects = {

/* Begin PBXBuildFile section */
		1102B34C172AEF3500D6913E /* ScriptGUIButton.cpp in Sources */ = {isa = PBXBuildFile; fileRef = 1102B34A172AEF3500D6913E /* ScriptGUIButton.cpp */; };
		1114B84616A88BD100B1CD41 /* BulletCollision.framework in Frameworks */ = {isa = PBXBuildFile; fileRef = 1114B84016A88BD100B1CD41 /* BulletCollision.framework */; };
		1114B84716A88BD100B1CD41 /* BulletDynamics.framework in Frameworks */ = {isa = PBXBuildFile; fileRef = 1114B84116A88BD100B1CD41 /* BulletDynamics.framework */; };
		1114B84816A88BD100B1CD41 /* BulletMultiThreaded.framework in Frameworks */ = {isa = PBXBuildFile; fileRef = 1114B84216A88BD100B1CD41 /* BulletMultiThreaded.framework */; };
		1114B84916A88BD100B1CD41 /* BulletSoftBody.framework in Frameworks */ = {isa = PBXBuildFile; fileRef = 1114B84316A88BD100B1CD41 /* BulletSoftBody.framework */; };
		1114B84A16A88BD100B1CD41 /* LinearMath.framework in Frameworks */ = {isa = PBXBuildFile; fileRef = 1114B84416A88BD100B1CD41 /* LinearMath.framework */; };
		1114B87016A8933200B1CD41 /* Ogg.framework in Frameworks */ = {isa = PBXBuildFile; fileRef = 1114B86E16A8933200B1CD41 /* Ogg.framework */; };
		1114B87116A8933200B1CD41 /* Vorbis.framework in Frameworks */ = {isa = PBXBuildFile; fileRef = 1114B86F16A8933200B1CD41 /* Vorbis.framework */; };
		1114B87316A8937B00B1CD41 /* Ogg.framework in CopyFiles */ = {isa = PBXBuildFile; fileRef = 1114B86E16A8933200B1CD41 /* Ogg.framework */; };
		1114B87416A8937B00B1CD41 /* Vorbis.framework in CopyFiles */ = {isa = PBXBuildFile; fileRef = 1114B86F16A8933200B1CD41 /* Vorbis.framework */; };
		1114B87516A8937B00B1CD41 /* BulletCollision.framework in CopyFiles */ = {isa = PBXBuildFile; fileRef = 1114B84016A88BD100B1CD41 /* BulletCollision.framework */; };
		1114B87616A8937B00B1CD41 /* BulletDynamics.framework in CopyFiles */ = {isa = PBXBuildFile; fileRef = 1114B84116A88BD100B1CD41 /* BulletDynamics.framework */; };
		1114B87716A8937B00B1CD41 /* BulletMultiThreaded.framework in CopyFiles */ = {isa = PBXBuildFile; fileRef = 1114B84216A88BD100B1CD41 /* BulletMultiThreaded.framework */; };
		1114B87816A8937B00B1CD41 /* BulletSoftBody.framework in CopyFiles */ = {isa = PBXBuildFile; fileRef = 1114B84316A88BD100B1CD41 /* BulletSoftBody.framework */; };
		1114B87916A8937B00B1CD41 /* LinearMath.framework in CopyFiles */ = {isa = PBXBuildFile; fileRef = 1114B84416A88BD100B1CD41 /* LinearMath.framework */; };
		1115463916A0BA4200F27340 /* VertexArrayObject.cpp in Sources */ = {isa = PBXBuildFile; fileRef = 1115463716A0BA4200F27340 /* VertexArrayObject.cpp */; };
		1118251B14F2553A00F198A7 /* Cocoa.framework in Frameworks */ = {isa = PBXBuildFile; fileRef = 1118251A14F2553A00F198A7 /* Cocoa.framework */; };
		1118254214F2559600F198A7 /* OpenGL.framework in Frameworks */ = {isa = PBXBuildFile; fileRef = 1118254114F2559600F198A7 /* OpenGL.framework */; };
		1118254414F2559B00F198A7 /* OpenAL.framework in Frameworks */ = {isa = PBXBuildFile; fileRef = 1118254314F2559B00F198A7 /* OpenAL.framework */; };
		112307F5171462E0001167DF /* ScriptParticlesObject.cpp in Sources */ = {isa = PBXBuildFile; fileRef = 112307F3171462E0001167DF /* ScriptParticlesObject.cpp */; };
		112307F81718A083001167DF /* ScriptLightObject.cpp in Sources */ = {isa = PBXBuildFile; fileRef = 112307F61718A082001167DF /* ScriptLightObject.cpp */; };
		112672E91699BBFD000BB805 /* Links.cpp in Sources */ = {isa = PBXBuildFile; fileRef = 112672E71699BBFD000BB805 /* Links.cpp */; };
		112672EC1699BCF1000BB805 /* TerrainObject.cpp in Sources */ = {isa = PBXBuildFile; fileRef = 112672EA1699BCF0000BB805 /* TerrainObject.cpp */; };
		112BF180162AFE8100CF0C0D /* Object.cpp in Sources */ = {isa = PBXBuildFile; fileRef = 112BF17E162AFE8100CF0C0D /* Object.cpp */; };
		11329D5A16BD8A2A000CC025 /* Profiler.cpp in Sources */ = {isa = PBXBuildFile; fileRef = 11329D5816BD8A29000CC025 /* Profiler.cpp */; };
		114325E218671C8800A6ADC3 /* Menu.cpp in Sources */ = {isa = PBXBuildFile; fileRef = 114325E018671C8800A6ADC3 /* Menu.cpp */; };
		114325EC186724B000A6ADC3 /* GamesMenu.cpp in Sources */ = {isa = PBXBuildFile; fileRef = 114325E9186724B000A6ADC3 /* GamesMenu.cpp */; };
		114325ED186724B000A6ADC3 /* MultiplayerMenu.cpp in Sources */ = {isa = PBXBuildFile; fileRef = 114325EA186724B000A6ADC3 /* MultiplayerMenu.cpp */; };
		114325EE186724B000A6ADC3 /* OptionsMenu.cpp in Sources */ = {isa = PBXBuildFile; fileRef = 114325EB186724B000A6ADC3 /* OptionsMenu.cpp */; };
		1145E3C5170ECEBB00480189 /* ScriptSimpleObject.cpp in Sources */ = {isa = PBXBuildFile; fileRef = 1145E3C3170ECEBB00480189 /* ScriptSimpleObject.cpp */; };
		1149A7DB17E111D20038015E /* SDL2.framework in Frameworks */ = {isa = PBXBuildFile; fileRef = 1149A7DA17E111D20038015E /* SDL2.framework */; };
		1149A7DE17E111DA0038015E /* SDL2_image.framework in Frameworks */ = {isa = PBXBuildFile; fileRef = 1149A7DC17E111D90038015E /* SDL2_image.framework */; };
		1149A7DF17E111DA0038015E /* SDL2_ttf.framework in Frameworks */ = {isa = PBXBuildFile; fileRef = 1149A7DD17E111D90038015E /* SDL2_ttf.framework */; };
		114A0E6B169064E800D2CE9C /* LevelSaver.cpp in Sources */ = {isa = PBXBuildFile; fileRef = 114A0E69169064E800D2CE9C /* LevelSaver.cpp */; };
		11511420170C1A0E00F77236 /* ScriptIntersection.cpp in Sources */ = {isa = PBXBuildFile; fileRef = 1151141E170C1A0E00F77236 /* ScriptIntersection.cpp */; };
		11511422170CBE6700F77236 /* libNetLink.a in Frameworks */ = {isa = PBXBuildFile; fileRef = 11511421170CBE6700F77236 /* libNetLink.a */; };
		11511425170D9B7C00F77236 /* ScriptVisualObject.cpp in Sources */ = {isa = PBXBuildFile; fileRef = 11511423170D9B7B00F77236 /* ScriptVisualObject.cpp */; };
		1157447217E2F78F00416B67 /* SDL2.framework in CopyFiles */ = {isa = PBXBuildFile; fileRef = 1149A7DA17E111D20038015E /* SDL2.framework */; };
		1157447317E2F78F00416B67 /* SDL2_image.framework in CopyFiles */ = {isa = PBXBuildFile; fileRef = 1149A7DC17E111D90038015E /* SDL2_image.framework */; };
		1157447417E2F78F00416B67 /* SDL2_ttf.framework in CopyFiles */ = {isa = PBXBuildFile; fileRef = 1149A7DD17E111D90038015E /* SDL2_ttf.framework */; };
		11623857171DF1050027561B /* ScriptGUIRect.cpp in Sources */ = {isa = PBXBuildFile; fileRef = 11623855171DF1050027561B /* ScriptGUIRect.cpp */; };
		11648F6E153DEE63004CA74D /* FBO.cpp in Sources */ = {isa = PBXBuildFile; fileRef = 11648F6D153DEE63004CA74D /* FBO.cpp */; };
		1178F6B717209036006EAE7D /* ScriptGUIView.cpp in Sources */ = {isa = PBXBuildFile; fileRef = 1178F6B517209036006EAE7D /* ScriptGUIView.cpp */; };
		117CBA9C16EBDC6800307B94 /* ScriptObject.cpp in Sources */ = {isa = PBXBuildFile; fileRef = 117CBA9A16EBDC6800307B94 /* ScriptObject.cpp */; };
		118620481650165400A32518 /* ObjectManager.cpp in Sources */ = {isa = PBXBuildFile; fileRef = 118620461650165400A32518 /* ObjectManager.cpp */; };
		1188A5431745403900D535B2 /* ScriptAnimation.cpp in Sources */ = {isa = PBXBuildFile; fileRef = 1188A5411745403900D535B2 /* ScriptAnimation.cpp */; };
		118B60621573E2E8004C132E /* Audio.cpp in Sources */ = {isa = PBXBuildFile; fileRef = 118B60611573E2E8004C132E /* Audio.cpp */; };
		1197492C17DB39FA00414CAA /* libv8.dylib in Frameworks */ = {isa = PBXBuildFile; fileRef = 1197492B17DB39FA00414CAA /* libv8.dylib */; };
		1197492D17DB3AB600414CAA /* libv8.dylib in CopyFiles */ = {isa = PBXBuildFile; fileRef = 1197492B17DB39FA00414CAA /* libv8.dylib */; };
		1199EC331722D205006BD235 /* ScriptIO.cpp in Sources */ = {isa = PBXBuildFile; fileRef = 1199EC311722D204006BD235 /* ScriptIO.cpp */; };
		1199EC361723D795006BD235 /* ScriptGUIOutput.cpp in Sources */ = {isa = PBXBuildFile; fileRef = 1199EC341723D793006BD235 /* ScriptGUIOutput.cpp */; };
		11A3255517089E2100B038D2 /* Network.cpp in Sources */ = {isa = PBXBuildFile; fileRef = 11A3255317089E2100B038D2 /* Network.cpp */; };
		11A6811F16B96CFC000E4029 /* ScriptLinearAlgebra.cpp in Sources */ = {isa = PBXBuildFile; fileRef = 11A6811D16B96CFC000E4029 /* ScriptLinearAlgebra.cpp */; };
		11A79B6A153C2FE9002B9F0A /* AppMain.cpp in Sources */ = {isa = PBXBuildFile; fileRef = 11A79B20153C2FE9002B9F0A /* AppMain.cpp */; };
		11A79B6B153C2FE9002B9F0A /* CamObject.cpp in Sources */ = {isa = PBXBuildFile; fileRef = 11A79B22153C2FE9002B9F0A /* CamObject.cpp */; };
		11A79B6C153C2FE9002B9F0A /* FileManager.cpp in Sources */ = {isa = PBXBuildFile; fileRef = 11A79B24153C2FE9002B9F0A /* FileManager.cpp */; };
		11A79B6D153C2FE9002B9F0A /* GUIButton.cpp in Sources */ = {isa = PBXBuildFile; fileRef = 11A79B27153C2FE9002B9F0A /* GUIButton.cpp */; };
		11A79B6F153C2FE9002B9F0A /* GUICheckBox.cpp in Sources */ = {isa = PBXBuildFile; fileRef = 11A79B2B153C2FE9002B9F0A /* GUICheckBox.cpp */; };
		11A79B70153C2FE9002B9F0A /* GUIClipRect.cpp in Sources */ = {isa = PBXBuildFile; fileRef = 11A79B2D153C2FE9002B9F0A /* GUIClipRect.cpp */; };
		11A79B71153C2FE9002B9F0A /* GUIImage.cpp in Sources */ = {isa = PBXBuildFile; fileRef = 11A79B2F153C2FE9002B9F0A /* GUIImage.cpp */; };
		11A79B72153C2FE9002B9F0A /* GUILabel.cpp in Sources */ = {isa = PBXBuildFile; fileRef = 11A79B31153C2FE9002B9F0A /* GUILabel.cpp */; };
		11A79B73153C2FE9002B9F0A /* GUIProgressBar.cpp in Sources */ = {isa = PBXBuildFile; fileRef = 11A79B33153C2FE9002B9F0A /* GUIProgressBar.cpp */; };
		11A79B74153C2FE9002B9F0A /* GUIRect.cpp in Sources */ = {isa = PBXBuildFile; fileRef = 11A79B35153C2FE9002B9F0A /* GUIRect.cpp */; };
		11A79B75153C2FE9002B9F0A /* GUIRoundedRect.cpp in Sources */ = {isa = PBXBuildFile; fileRef = 11A79B37153C2FE9002B9F0A /* GUIRoundedRect.cpp */; };
		11A79B76153C2FE9002B9F0A /* GUIScrollView.cpp in Sources */ = {isa = PBXBuildFile; fileRef = 11A79B39153C2FE9002B9F0A /* GUIScrollView.cpp */; };
		11A79B77153C2FE9002B9F0A /* GUISlider.cpp in Sources */ = {isa = PBXBuildFile; fileRef = 11A79B3B153C2FE9002B9F0A /* GUISlider.cpp */; };
		11A79B78153C2FE9002B9F0A /* GUITabs.cpp in Sources */ = {isa = PBXBuildFile; fileRef = 11A79B3D153C2FE9002B9F0A /* GUITabs.cpp */; };
		11A79B79153C2FE9002B9F0A /* GUITextField.cpp in Sources */ = {isa = PBXBuildFile; fileRef = 11A79B3F153C2FE9002B9F0A /* GUITextField.cpp */; };
		11A79B7A153C2FE9002B9F0A /* GUIView.cpp in Sources */ = {isa = PBXBuildFile; fileRef = 11A79B41153C2FE9002B9F0A /* GUIView.cpp */; };
		11A79B83153C2FE9002B9F0A /* MainMenu.xib in Resources */ = {isa = PBXBuildFile; fileRef = 11A79B55153C2FE9002B9F0A /* MainMenu.xib */; };
		11A79B85153C2FE9002B9F0A /* main.mm in Sources */ = {isa = PBXBuildFile; fileRef = 11A79B58153C2FE9002B9F0A /* main.mm */; };
		11A79B86153C2FE9002B9F0A /* SDLMain.mm in Sources */ = {isa = PBXBuildFile; fileRef = 11A79B5A153C2FE9002B9F0A /* SDLMain.mm */; };
		11A79B87153C2FE9002B9F0A /* Model.cpp in Sources */ = {isa = PBXBuildFile; fileRef = 11A79B5B153C2FE9002B9F0A /* Model.cpp */; };
		11A79B88153C2FE9002B9F0A /* ShaderProgram.cpp in Sources */ = {isa = PBXBuildFile; fileRef = 11A79B62153C2FE9002B9F0A /* ShaderProgram.cpp */; };
		11A79B89153C2FE9002B9F0A /* TextFont.cpp in Sources */ = {isa = PBXBuildFile; fileRef = 11A79B64153C2FE9002B9F0A /* TextFont.cpp */; };
		11A79B8A153C2FE9002B9F0A /* Texture.cpp in Sources */ = {isa = PBXBuildFile; fileRef = 11A79B66153C2FE9002B9F0A /* Texture.cpp */; };
		11A9075F1629B19000B16607 /* Utilities.cpp in Sources */ = {isa = PBXBuildFile; fileRef = 11A79B68153C2FE9002B9F0A /* Utilities.cpp */; };
		11A907621629B27A00B16607 /* XMLUtilities.cpp in Sources */ = {isa = PBXBuildFile; fileRef = 11A907601629B27A00B16607 /* XMLUtilities.cpp */; };
		11AD22DB16FCE77200B9FB12 /* main.cpp in Sources */ = {isa = PBXBuildFile; fileRef = 11AD22DA16FCE77100B9FB12 /* main.cpp */; };
		11B2626F15E28DF7002C638D /* VisualObject.cpp in Sources */ = {isa = PBXBuildFile; fileRef = 11B2626D15E28DF6002C638D /* VisualObject.cpp */; };
		11BCD0601756686A00939274 /* ScriptLinks.cpp in Sources */ = {isa = PBXBuildFile; fileRef = 11BCD05E1756686900939274 /* ScriptLinks.cpp */; };
		11BD39AD15414AA6007846B8 /* LightObject.cpp in Sources */ = {isa = PBXBuildFile; fileRef = 11BD39AC15414AA6007846B8 /* LightObject.cpp */; };
		11C238D91613164C009D6F9C /* LevelManager.cpp in Sources */ = {isa = PBXBuildFile; fileRef = 11C238D71613164C009D6F9C /* LevelManager.cpp */; };
		11CC497E1833D7380099BFE8 /* libLeap.dylib in Frameworks */ = {isa = PBXBuildFile; fileRef = 11CC497D1833D7380099BFE8 /* libLeap.dylib */; };
		11CC497F1833D73F0099BFE8 /* libLeap.dylib in CopyFiles */ = {isa = PBXBuildFile; fileRef = 11CC497D1833D7380099BFE8 /* libLeap.dylib */; };
		11D0C0F31727CE71004C30E9 /* ScriptGUIInput.cpp in Sources */ = {isa = PBXBuildFile; fileRef = 11D0C0F11727CE70004C30E9 /* ScriptGUIInput.cpp */; };
		11D74B4716270A65000EEB50 /* Packages in Resources */ = {isa = PBXBuildFile; fileRef = 11D74B4416270A65000EEB50 /* Packages */; };
		11D74B4816270A65000EEB50 /* Shaders in Resources */ = {isa = PBXBuildFile; fileRef = 11D74B4516270A65000EEB50 /* Shaders */; };
		11D74B4F16296735000EEB50 /* LevelLoader.cpp in Sources */ = {isa = PBXBuildFile; fileRef = 11D74B4D16296735000EEB50 /* LevelLoader.cpp */; };
		11DA1F11162DEA03007D7E6C /* Ray3.cpp in Sources */ = {isa = PBXBuildFile; fileRef = 11DA1F0D162DEA03007D7E6C /* Ray3.cpp */; };
		11DA1F12162DEA03007D7E6C /* Matrix4.cpp in Sources */ = {isa = PBXBuildFile; fileRef = 11DA1F0F162DEA03007D7E6C /* Matrix4.cpp */; };
		11DA1F16162DEA18007D7E6C /* LightVolume.cpp in Sources */ = {isa = PBXBuildFile; fileRef = 11DA1F14162DEA18007D7E6C /* LightVolume.cpp */; };
		11DD0B0A17AA509900A43E39 /* OpenCL.framework in Frameworks */ = {isa = PBXBuildFile; fileRef = 11DD0B0917AA509900A43E39 /* OpenCL.framework */; };
		11EC642F178F3291007990B9 /* LeapMotion.cpp in Sources */ = {isa = PBXBuildFile; fileRef = 11EC642D178F3291007990B9 /* LeapMotion.cpp */; };
		11ECD34117EC9E7F00D6F865 /* Icon.icns in Resources */ = {isa = PBXBuildFile; fileRef = 11ECD33F17EC9E7200D6F865 /* Icon.icns */; };
		11F1EEB8156FE49400F7275D /* ParticlesObject.cpp in Sources */ = {isa = PBXBuildFile; fileRef = 11F1EEB7156FE49400F7275D /* ParticlesObject.cpp */; };
		11FE8AB216B5A3F400B682D0 /* ScriptManager.cpp in Sources */ = {isa = PBXBuildFile; fileRef = 11FE8AB016B5A3F400B682D0 /* ScriptManager.cpp */; };
		11FE8AB516B719CE00B682D0 /* Script.cpp in Sources */ = {isa = PBXBuildFile; fileRef = 11FE8AB316B719CE00B682D0 /* Script.cpp */; };
/* End PBXBuildFile section */

/* Begin PBXCopyFilesBuildPhase section */
		1114B87216A8936E00B1CD41 /* CopyFiles */ = {
			isa = PBXCopyFilesBuildPhase;
			buildActionMask = 2147483647;
			dstPath = "";
			dstSubfolderSpec = 10;
			files = (
				11CC497F1833D73F0099BFE8 /* libLeap.dylib in CopyFiles */,
				1197492D17DB3AB600414CAA /* libv8.dylib in CopyFiles */,
				1114B87316A8937B00B1CD41 /* Ogg.framework in CopyFiles */,
				1114B87416A8937B00B1CD41 /* Vorbis.framework in CopyFiles */,
				1114B87516A8937B00B1CD41 /* BulletCollision.framework in CopyFiles */,
				1114B87616A8937B00B1CD41 /* BulletDynamics.framework in CopyFiles */,
				1114B87716A8937B00B1CD41 /* BulletMultiThreaded.framework in CopyFiles */,
				1114B87816A8937B00B1CD41 /* BulletSoftBody.framework in CopyFiles */,
				1114B87916A8937B00B1CD41 /* LinearMath.framework in CopyFiles */,
				1157447217E2F78F00416B67 /* SDL2.framework in CopyFiles */,
				1157447317E2F78F00416B67 /* SDL2_image.framework in CopyFiles */,
				1157447417E2F78F00416B67 /* SDL2_ttf.framework in CopyFiles */,
			);
			runOnlyForDeploymentPostprocessing = 0;
		};
/* End PBXCopyFilesBuildPhase section */

/* Begin PBXFileReference section */
		1102B34A172AEF3500D6913E /* ScriptGUIButton.cpp */ = {isa = PBXFileReference; fileEncoding = 4; lastKnownFileType = sourcecode.cpp.cpp; path = ScriptGUIButton.cpp; sourceTree = "<group>"; };
		1102B34B172AEF3500D6913E /* ScriptGUIButton.h */ = {isa = PBXFileReference; fileEncoding = 4; lastKnownFileType = sourcecode.c.h; path = ScriptGUIButton.h; sourceTree = "<group>"; };
		1114B84016A88BD100B1CD41 /* BulletCollision.framework */ = {isa = PBXFileReference; lastKnownFileType = wrapper.framework; name = BulletCollision.framework; path = /Library/Frameworks/BulletCollision.framework; sourceTree = "<absolute>"; };
		1114B84116A88BD100B1CD41 /* BulletDynamics.framework */ = {isa = PBXFileReference; lastKnownFileType = wrapper.framework; name = BulletDynamics.framework; path = /Library/Frameworks/BulletDynamics.framework; sourceTree = "<absolute>"; };
		1114B84216A88BD100B1CD41 /* BulletMultiThreaded.framework */ = {isa = PBXFileReference; lastKnownFileType = wrapper.framework; name = BulletMultiThreaded.framework; path = /Library/Frameworks/BulletMultiThreaded.framework; sourceTree = "<absolute>"; };
		1114B84316A88BD100B1CD41 /* BulletSoftBody.framework */ = {isa = PBXFileReference; lastKnownFileType = wrapper.framework; name = BulletSoftBody.framework; path = /Library/Frameworks/BulletSoftBody.framework; sourceTree = "<absolute>"; };
		1114B84416A88BD100B1CD41 /* LinearMath.framework */ = {isa = PBXFileReference; lastKnownFileType = wrapper.framework; name = LinearMath.framework; path = /Library/Frameworks/LinearMath.framework; sourceTree = "<absolute>"; };
		1114B86E16A8933200B1CD41 /* Ogg.framework */ = {isa = PBXFileReference; lastKnownFileType = wrapper.framework; name = Ogg.framework; path = /Library/Frameworks/Ogg.framework; sourceTree = "<absolute>"; };
		1114B86F16A8933200B1CD41 /* Vorbis.framework */ = {isa = PBXFileReference; lastKnownFileType = wrapper.framework; name = Vorbis.framework; path = /Library/Frameworks/Vorbis.framework; sourceTree = "<absolute>"; };
		1115463716A0BA4200F27340 /* VertexArrayObject.cpp */ = {isa = PBXFileReference; fileEncoding = 4; lastKnownFileType = sourcecode.cpp.cpp; path = VertexArrayObject.cpp; sourceTree = "<group>"; };
		1115463816A0BA4200F27340 /* VertexArrayObject.h */ = {isa = PBXFileReference; fileEncoding = 4; lastKnownFileType = sourcecode.c.h; path = VertexArrayObject.h; sourceTree = "<group>"; };
		1118251614F2553A00F198A7 /* Olypsum.app */ = {isa = PBXFileReference; explicitFileType = wrapper.application; includeInIndex = 0; path = Olypsum.app; sourceTree = BUILT_PRODUCTS_DIR; };
		1118251A14F2553A00F198A7 /* Cocoa.framework */ = {isa = PBXFileReference; lastKnownFileType = wrapper.framework; name = Cocoa.framework; path = System/Library/Frameworks/Cocoa.framework; sourceTree = SDKROOT; };
		1118251D14F2553A00F198A7 /* AppKit.framework */ = {isa = PBXFileReference; lastKnownFileType = wrapper.framework; name = AppKit.framework; path = System/Library/Frameworks/AppKit.framework; sourceTree = SDKROOT; };
		1118251F14F2553A00F198A7 /* Foundation.framework */ = {isa = PBXFileReference; lastKnownFileType = wrapper.framework; name = Foundation.framework; path = System/Library/Frameworks/Foundation.framework; sourceTree = SDKROOT; };
		1118254114F2559600F198A7 /* OpenGL.framework */ = {isa = PBXFileReference; lastKnownFileType = wrapper.framework; name = OpenGL.framework; path = System/Library/Frameworks/OpenGL.framework; sourceTree = SDKROOT; };
		1118254314F2559B00F198A7 /* OpenAL.framework */ = {isa = PBXFileReference; lastKnownFileType = wrapper.framework; name = OpenAL.framework; path = System/Library/Frameworks/OpenAL.framework; sourceTree = SDKROOT; };
		112307F3171462E0001167DF /* ScriptParticlesObject.cpp */ = {isa = PBXFileReference; fileEncoding = 4; lastKnownFileType = sourcecode.cpp.cpp; path = ScriptParticlesObject.cpp; sourceTree = "<group>"; };
		112307F4171462E0001167DF /* ScriptParticlesObject.h */ = {isa = PBXFileReference; fileEncoding = 4; lastKnownFileType = sourcecode.c.h; path = ScriptParticlesObject.h; sourceTree = "<group>"; };
		112307F61718A082001167DF /* ScriptLightObject.cpp */ = {isa = PBXFileReference; fileEncoding = 4; lastKnownFileType = sourcecode.cpp.cpp; path = ScriptLightObject.cpp; sourceTree = "<group>"; };
		112307F71718A083001167DF /* ScriptLightObject.h */ = {isa = PBXFileReference; fileEncoding = 4; lastKnownFileType = sourcecode.c.h; path = ScriptLightObject.h; sourceTree = "<group>"; };
		112672E71699BBFD000BB805 /* Links.cpp */ = {isa = PBXFileReference; fileEncoding = 4; lastKnownFileType = sourcecode.cpp.cpp; path = Links.cpp; sourceTree = "<group>"; };
		112672E81699BBFD000BB805 /* Links.h */ = {isa = PBXFileReference; fileEncoding = 4; lastKnownFileType = sourcecode.c.h; path = Links.h; sourceTree = "<group>"; };
		112672EA1699BCF0000BB805 /* TerrainObject.cpp */ = {isa = PBXFileReference; fileEncoding = 4; lastKnownFileType = sourcecode.cpp.cpp; path = TerrainObject.cpp; sourceTree = "<group>"; };
		112672EB1699BCF0000BB805 /* TerrainObject.h */ = {isa = PBXFileReference; fileEncoding = 4; lastKnownFileType = sourcecode.c.h; path = TerrainObject.h; sourceTree = "<group>"; };
		112BF17E162AFE8100CF0C0D /* Object.cpp */ = {isa = PBXFileReference; fileEncoding = 4; lastKnownFileType = sourcecode.cpp.cpp; path = Object.cpp; sourceTree = "<group>"; };
		112BF17F162AFE8100CF0C0D /* Object.h */ = {isa = PBXFileReference; fileEncoding = 4; lastKnownFileType = sourcecode.c.h; path = Object.h; sourceTree = "<group>"; };
		11329D5816BD8A29000CC025 /* Profiler.cpp */ = {isa = PBXFileReference; fileEncoding = 4; lastKnownFileType = sourcecode.cpp.cpp; path = Profiler.cpp; sourceTree = "<group>"; };
		11329D5916BD8A2A000CC025 /* Profiler.h */ = {isa = PBXFileReference; fileEncoding = 4; lastKnownFileType = sourcecode.c.h; path = Profiler.h; sourceTree = "<group>"; };
		114325E018671C8800A6ADC3 /* Menu.cpp */ = {isa = PBXFileReference; fileEncoding = 4; lastKnownFileType = sourcecode.cpp.cpp; name = Menu.cpp; path = Menu/Menu.cpp; sourceTree = "<group>"; };
		114325E118671C8800A6ADC3 /* Menu.h */ = {isa = PBXFileReference; fileEncoding = 4; lastKnownFileType = sourcecode.c.h; name = Menu.h; path = Menu/Menu.h; sourceTree = "<group>"; };
		114325E9186724B000A6ADC3 /* GamesMenu.cpp */ = {isa = PBXFileReference; fileEncoding = 4; lastKnownFileType = sourcecode.cpp.cpp; name = GamesMenu.cpp; path = Menu/GamesMenu.cpp; sourceTree = "<group>"; };
		114325EA186724B000A6ADC3 /* MultiplayerMenu.cpp */ = {isa = PBXFileReference; fileEncoding = 4; lastKnownFileType = sourcecode.cpp.cpp; name = MultiplayerMenu.cpp; path = Menu/MultiplayerMenu.cpp; sourceTree = "<group>"; };
		114325EB186724B000A6ADC3 /* OptionsMenu.cpp */ = {isa = PBXFileReference; fileEncoding = 4; lastKnownFileType = sourcecode.cpp.cpp; name = OptionsMenu.cpp; path = Menu/OptionsMenu.cpp; sourceTree = "<group>"; };
		1145E3C3170ECEBB00480189 /* ScriptSimpleObject.cpp */ = {isa = PBXFileReference; fileEncoding = 4; lastKnownFileType = sourcecode.cpp.cpp; path = ScriptSimpleObject.cpp; sourceTree = "<group>"; };
		1145E3C4170ECEBB00480189 /* ScriptSimpleObject.h */ = {isa = PBXFileReference; fileEncoding = 4; lastKnownFileType = sourcecode.c.h; path = ScriptSimpleObject.h; sourceTree = "<group>"; };
		1149A7DA17E111D20038015E /* SDL2.framework */ = {isa = PBXFileReference; lastKnownFileType = wrapper.framework; name = SDL2.framework; path = ../../../../Library/Frameworks/SDL2.framework; sourceTree = "<group>"; };
		1149A7DC17E111D90038015E /* SDL2_image.framework */ = {isa = PBXFileReference; lastKnownFileType = wrapper.framework; name = SDL2_image.framework; path = ../../../../Library/Frameworks/SDL2_image.framework; sourceTree = "<group>"; };
		1149A7DD17E111D90038015E /* SDL2_ttf.framework */ = {isa = PBXFileReference; lastKnownFileType = wrapper.framework; name = SDL2_ttf.framework; path = ../../../../Library/Frameworks/SDL2_ttf.framework; sourceTree = "<group>"; };
		114A0E69169064E800D2CE9C /* LevelSaver.cpp */ = {isa = PBXFileReference; fileEncoding = 4; lastKnownFileType = sourcecode.cpp.cpp; path = LevelSaver.cpp; sourceTree = "<group>"; };
		114A0E6A169064E800D2CE9C /* LevelSaver.h */ = {isa = PBXFileReference; fileEncoding = 4; lastKnownFileType = sourcecode.c.h; path = LevelSaver.h; sourceTree = "<group>"; };
		1151141E170C1A0E00F77236 /* ScriptIntersection.cpp */ = {isa = PBXFileReference; fileEncoding = 4; lastKnownFileType = sourcecode.cpp.cpp; path = ScriptIntersection.cpp; sourceTree = "<group>"; };
		1151141F170C1A0E00F77236 /* ScriptIntersection.h */ = {isa = PBXFileReference; fileEncoding = 4; lastKnownFileType = sourcecode.c.h; path = ScriptIntersection.h; sourceTree = "<group>"; };
		11511421170CBE6700F77236 /* libNetLink.a */ = {isa = PBXFileReference; lastKnownFileType = archive.ar; name = libNetLink.a; path = Libraries/netLink/out/libNetLink.a; sourceTree = "<group>"; };
		11511423170D9B7B00F77236 /* ScriptVisualObject.cpp */ = {isa = PBXFileReference; fileEncoding = 4; lastKnownFileType = sourcecode.cpp.cpp; path = ScriptVisualObject.cpp; sourceTree = "<group>"; };
		11511424170D9B7C00F77236 /* ScriptVisualObject.h */ = {isa = PBXFileReference; fileEncoding = 4; lastKnownFileType = sourcecode.c.h; path = ScriptVisualObject.h; sourceTree = "<group>"; };
		11623855171DF1050027561B /* ScriptGUIRect.cpp */ = {isa = PBXFileReference; fileEncoding = 4; lastKnownFileType = sourcecode.cpp.cpp; path = ScriptGUIRect.cpp; sourceTree = "<group>"; };
		11623856171DF1050027561B /* ScriptGUIRect.h */ = {isa = PBXFileReference; fileEncoding = 4; lastKnownFileType = sourcecode.c.h; path = ScriptGUIRect.h; sourceTree = "<group>"; };
		11648F6B153DEE0F004CA74D /* FBO.h */ = {isa = PBXFileReference; lastKnownFileType = sourcecode.c.h; path = FBO.h; sourceTree = "<group>"; };
		11648F6D153DEE63004CA74D /* FBO.cpp */ = {isa = PBXFileReference; fileEncoding = 4; lastKnownFileType = sourcecode.cpp.cpp; path = FBO.cpp; sourceTree = "<group>"; };
		1178F6B517209036006EAE7D /* ScriptGUIView.cpp */ = {isa = PBXFileReference; fileEncoding = 4; lastKnownFileType = sourcecode.cpp.cpp; path = ScriptGUIView.cpp; sourceTree = "<group>"; };
		1178F6B617209036006EAE7D /* ScriptGUIView.h */ = {isa = PBXFileReference; fileEncoding = 4; lastKnownFileType = sourcecode.c.h; path = ScriptGUIView.h; sourceTree = "<group>"; };
		117CBA9A16EBDC6800307B94 /* ScriptObject.cpp */ = {isa = PBXFileReference; fileEncoding = 4; lastKnownFileType = sourcecode.cpp.cpp; path = ScriptObject.cpp; sourceTree = "<group>"; };
		117CBA9B16EBDC6800307B94 /* ScriptObject.h */ = {isa = PBXFileReference; fileEncoding = 4; lastKnownFileType = sourcecode.c.h; path = ScriptObject.h; sourceTree = "<group>"; };
		118620461650165400A32518 /* ObjectManager.cpp */ = {isa = PBXFileReference; fileEncoding = 4; lastKnownFileType = sourcecode.cpp.cpp; path = ObjectManager.cpp; sourceTree = "<group>"; };
		118620471650165400A32518 /* ObjectManager.h */ = {isa = PBXFileReference; fileEncoding = 4; lastKnownFileType = sourcecode.c.h; path = ObjectManager.h; sourceTree = "<group>"; };
		1188A5411745403900D535B2 /* ScriptAnimation.cpp */ = {isa = PBXFileReference; fileEncoding = 4; lastKnownFileType = sourcecode.cpp.cpp; path = ScriptAnimation.cpp; sourceTree = "<group>"; };
		1188A5421745403900D535B2 /* ScriptAnimation.h */ = {isa = PBXFileReference; fileEncoding = 4; lastKnownFileType = sourcecode.c.h; path = ScriptAnimation.h; sourceTree = "<group>"; };
		118B60601573E2DF004C132E /* Audio.h */ = {isa = PBXFileReference; lastKnownFileType = sourcecode.c.h; path = Audio.h; sourceTree = "<group>"; };
		118B60611573E2E8004C132E /* Audio.cpp */ = {isa = PBXFileReference; fileEncoding = 4; lastKnownFileType = sourcecode.cpp.cpp; path = Audio.cpp; sourceTree = "<group>"; };
		1197492B17DB39FA00414CAA /* libv8.dylib */ = {isa = PBXFileReference; lastKnownFileType = "compiled.mach-o.dylib"; name = libv8.dylib; path = Libraries/v8/out/native/libv8.dylib; sourceTree = "<group>"; };
		1199EC311722D204006BD235 /* ScriptIO.cpp */ = {isa = PBXFileReference; fileEncoding = 4; lastKnownFileType = sourcecode.cpp.cpp; path = ScriptIO.cpp; sourceTree = "<group>"; };
		1199EC321722D204006BD235 /* ScriptIO.h */ = {isa = PBXFileReference; fileEncoding = 4; lastKnownFileType = sourcecode.c.h; path = ScriptIO.h; sourceTree = "<group>"; };
		1199EC341723D793006BD235 /* ScriptGUIOutput.cpp */ = {isa = PBXFileReference; fileEncoding = 4; lastKnownFileType = sourcecode.cpp.cpp; path = ScriptGUIOutput.cpp; sourceTree = "<group>"; };
		1199EC351723D794006BD235 /* ScriptGUIOutput.h */ = {isa = PBXFileReference; fileEncoding = 4; lastKnownFileType = sourcecode.c.h; path = ScriptGUIOutput.h; sourceTree = "<group>"; };
		11A3255317089E2100B038D2 /* Network.cpp */ = {isa = PBXFileReference; fileEncoding = 4; lastKnownFileType = sourcecode.cpp.cpp; path = Network.cpp; sourceTree = "<group>"; };
		11A3255417089E2100B038D2 /* Network.h */ = {isa = PBXFileReference; fileEncoding = 4; lastKnownFileType = sourcecode.c.h; path = Network.h; sourceTree = "<group>"; };
		11A6811D16B96CFC000E4029 /* ScriptLinearAlgebra.cpp */ = {isa = PBXFileReference; fileEncoding = 4; lastKnownFileType = sourcecode.cpp.cpp; path = ScriptLinearAlgebra.cpp; sourceTree = "<group>"; };
		11A6811E16B96CFC000E4029 /* ScriptLinearAlgebra.h */ = {isa = PBXFileReference; fileEncoding = 4; lastKnownFileType = sourcecode.c.h; path = ScriptLinearAlgebra.h; sourceTree = "<group>"; };
		11A79B20153C2FE9002B9F0A /* AppMain.cpp */ = {isa = PBXFileReference; fileEncoding = 4; lastKnownFileType = sourcecode.cpp.cpp; path = AppMain.cpp; sourceTree = "<group>"; };
		11A79B21153C2FE9002B9F0A /* AppMain.h */ = {isa = PBXFileReference; fileEncoding = 4; lastKnownFileType = sourcecode.c.h; path = AppMain.h; sourceTree = "<group>"; };
		11A79B22153C2FE9002B9F0A /* CamObject.cpp */ = {isa = PBXFileReference; fileEncoding = 4; lastKnownFileType = sourcecode.cpp.cpp; path = CamObject.cpp; sourceTree = "<group>"; };
		11A79B23153C2FE9002B9F0A /* CamObject.h */ = {isa = PBXFileReference; fileEncoding = 4; lastKnownFileType = sourcecode.c.h; path = CamObject.h; sourceTree = "<group>"; };
		11A79B24153C2FE9002B9F0A /* FileManager.cpp */ = {isa = PBXFileReference; fileEncoding = 4; lastKnownFileType = sourcecode.cpp.cpp; path = FileManager.cpp; sourceTree = "<group>"; };
		11A79B25153C2FE9002B9F0A /* FileManager.h */ = {isa = PBXFileReference; fileEncoding = 4; lastKnownFileType = sourcecode.c.h; path = FileManager.h; sourceTree = "<group>"; };
		11A79B27153C2FE9002B9F0A /* GUIButton.cpp */ = {isa = PBXFileReference; fileEncoding = 4; lastKnownFileType = sourcecode.cpp.cpp; path = GUIButton.cpp; sourceTree = "<group>"; };
		11A79B28153C2FE9002B9F0A /* GUIButton.h */ = {isa = PBXFileReference; fileEncoding = 4; lastKnownFileType = sourcecode.c.h; path = GUIButton.h; sourceTree = "<group>"; };
		11A79B2B153C2FE9002B9F0A /* GUICheckBox.cpp */ = {isa = PBXFileReference; fileEncoding = 4; lastKnownFileType = sourcecode.cpp.cpp; path = GUICheckBox.cpp; sourceTree = "<group>"; };
		11A79B2C153C2FE9002B9F0A /* GUICheckBox.h */ = {isa = PBXFileReference; fileEncoding = 4; lastKnownFileType = sourcecode.c.h; path = GUICheckBox.h; sourceTree = "<group>"; };
		11A79B2D153C2FE9002B9F0A /* GUIClipRect.cpp */ = {isa = PBXFileReference; fileEncoding = 4; lastKnownFileType = sourcecode.cpp.cpp; path = GUIClipRect.cpp; sourceTree = "<group>"; };
		11A79B2E153C2FE9002B9F0A /* GUIClipRect.h */ = {isa = PBXFileReference; fileEncoding = 4; lastKnownFileType = sourcecode.c.h; path = GUIClipRect.h; sourceTree = "<group>"; };
		11A79B2F153C2FE9002B9F0A /* GUIImage.cpp */ = {isa = PBXFileReference; fileEncoding = 4; lastKnownFileType = sourcecode.cpp.cpp; path = GUIImage.cpp; sourceTree = "<group>"; };
		11A79B30153C2FE9002B9F0A /* GUIImage.h */ = {isa = PBXFileReference; fileEncoding = 4; lastKnownFileType = sourcecode.c.h; path = GUIImage.h; sourceTree = "<group>"; };
		11A79B31153C2FE9002B9F0A /* GUILabel.cpp */ = {isa = PBXFileReference; fileEncoding = 4; lastKnownFileType = sourcecode.cpp.cpp; path = GUILabel.cpp; sourceTree = "<group>"; };
		11A79B32153C2FE9002B9F0A /* GUILabel.h */ = {isa = PBXFileReference; fileEncoding = 4; lastKnownFileType = sourcecode.c.h; path = GUILabel.h; sourceTree = "<group>"; };
		11A79B33153C2FE9002B9F0A /* GUIProgressBar.cpp */ = {isa = PBXFileReference; fileEncoding = 4; lastKnownFileType = sourcecode.cpp.cpp; path = GUIProgressBar.cpp; sourceTree = "<group>"; };
		11A79B34153C2FE9002B9F0A /* GUIProgressBar.h */ = {isa = PBXFileReference; fileEncoding = 4; lastKnownFileType = sourcecode.c.h; path = GUIProgressBar.h; sourceTree = "<group>"; };
		11A79B35153C2FE9002B9F0A /* GUIRect.cpp */ = {isa = PBXFileReference; fileEncoding = 4; lastKnownFileType = sourcecode.cpp.cpp; path = GUIRect.cpp; sourceTree = "<group>"; };
		11A79B36153C2FE9002B9F0A /* GUIRect.h */ = {isa = PBXFileReference; fileEncoding = 4; lastKnownFileType = sourcecode.c.h; path = GUIRect.h; sourceTree = "<group>"; };
		11A79B37153C2FE9002B9F0A /* GUIRoundedRect.cpp */ = {isa = PBXFileReference; fileEncoding = 4; lastKnownFileType = sourcecode.cpp.cpp; path = GUIRoundedRect.cpp; sourceTree = "<group>"; };
		11A79B38153C2FE9002B9F0A /* GUIRoundedRect.h */ = {isa = PBXFileReference; fileEncoding = 4; lastKnownFileType = sourcecode.c.h; path = GUIRoundedRect.h; sourceTree = "<group>"; };
		11A79B39153C2FE9002B9F0A /* GUIScrollView.cpp */ = {isa = PBXFileReference; fileEncoding = 4; lastKnownFileType = sourcecode.cpp.cpp; path = GUIScrollView.cpp; sourceTree = "<group>"; };
		11A79B3A153C2FE9002B9F0A /* GUIScrollView.h */ = {isa = PBXFileReference; fileEncoding = 4; lastKnownFileType = sourcecode.c.h; path = GUIScrollView.h; sourceTree = "<group>"; };
		11A79B3B153C2FE9002B9F0A /* GUISlider.cpp */ = {isa = PBXFileReference; fileEncoding = 4; lastKnownFileType = sourcecode.cpp.cpp; path = GUISlider.cpp; sourceTree = "<group>"; };
		11A79B3C153C2FE9002B9F0A /* GUISlider.h */ = {isa = PBXFileReference; fileEncoding = 4; lastKnownFileType = sourcecode.c.h; path = GUISlider.h; sourceTree = "<group>"; };
		11A79B3D153C2FE9002B9F0A /* GUITabs.cpp */ = {isa = PBXFileReference; fileEncoding = 4; lastKnownFileType = sourcecode.cpp.cpp; path = GUITabs.cpp; sourceTree = "<group>"; };
		11A79B3E153C2FE9002B9F0A /* GUITabs.h */ = {isa = PBXFileReference; fileEncoding = 4; lastKnownFileType = sourcecode.c.h; path = GUITabs.h; sourceTree = "<group>"; };
		11A79B3F153C2FE9002B9F0A /* GUITextField.cpp */ = {isa = PBXFileReference; fileEncoding = 4; lastKnownFileType = sourcecode.cpp.cpp; path = GUITextField.cpp; sourceTree = "<group>"; };
		11A79B40153C2FE9002B9F0A /* GUITextField.h */ = {isa = PBXFileReference; fileEncoding = 4; lastKnownFileType = sourcecode.c.h; path = GUITextField.h; sourceTree = "<group>"; };
		11A79B41153C2FE9002B9F0A /* GUIView.cpp */ = {isa = PBXFileReference; fileEncoding = 4; lastKnownFileType = sourcecode.cpp.cpp; path = GUIView.cpp; sourceTree = "<group>"; };
		11A79B42153C2FE9002B9F0A /* GUIView.h */ = {isa = PBXFileReference; fileEncoding = 4; lastKnownFileType = sourcecode.c.h; path = GUIView.h; sourceTree = "<group>"; };
		11A79B56153C2FE9002B9F0A /* en */ = {isa = PBXFileReference; lastKnownFileType = file.xib; name = en; path = en.lproj/MainMenu.xib; sourceTree = "<group>"; };
		11A79B57153C2FE9002B9F0A /* Info.plist */ = {isa = PBXFileReference; fileEncoding = 4; lastKnownFileType = text.plist.xml; path = Info.plist; sourceTree = "<group>"; };
		11A79B58153C2FE9002B9F0A /* main.mm */ = {isa = PBXFileReference; fileEncoding = 4; lastKnownFileType = sourcecode.cpp.objcpp; path = main.mm; sourceTree = "<group>"; };
		11A79B59153C2FE9002B9F0A /* SDLMain.h */ = {isa = PBXFileReference; fileEncoding = 4; lastKnownFileType = sourcecode.c.h; path = SDLMain.h; sourceTree = "<group>"; };
		11A79B5A153C2FE9002B9F0A /* SDLMain.mm */ = {isa = PBXFileReference; fileEncoding = 4; lastKnownFileType = sourcecode.cpp.objcpp; path = SDLMain.mm; sourceTree = "<group>"; };
		11A79B5B153C2FE9002B9F0A /* Model.cpp */ = {isa = PBXFileReference; fileEncoding = 4; lastKnownFileType = sourcecode.cpp.cpp; path = Model.cpp; sourceTree = "<group>"; };
		11A79B5C153C2FE9002B9F0A /* Model.h */ = {isa = PBXFileReference; fileEncoding = 4; lastKnownFileType = sourcecode.c.h; path = Model.h; sourceTree = "<group>"; };
		11A79B5E153C2FE9002B9F0A /* rapidxml.hpp */ = {isa = PBXFileReference; fileEncoding = 4; lastKnownFileType = sourcecode.cpp.h; path = rapidxml.hpp; sourceTree = "<group>"; };
		11A79B5F153C2FE9002B9F0A /* rapidxml_iterators.hpp */ = {isa = PBXFileReference; fileEncoding = 4; lastKnownFileType = sourcecode.cpp.h; path = rapidxml_iterators.hpp; sourceTree = "<group>"; };
		11A79B60153C2FE9002B9F0A /* rapidxml_print.hpp */ = {isa = PBXFileReference; fileEncoding = 4; lastKnownFileType = sourcecode.cpp.h; path = rapidxml_print.hpp; sourceTree = "<group>"; };
		11A79B61153C2FE9002B9F0A /* rapidxml_utils.hpp */ = {isa = PBXFileReference; fileEncoding = 4; lastKnownFileType = sourcecode.cpp.h; path = rapidxml_utils.hpp; sourceTree = "<group>"; };
		11A79B62153C2FE9002B9F0A /* ShaderProgram.cpp */ = {isa = PBXFileReference; fileEncoding = 4; lastKnownFileType = sourcecode.cpp.cpp; path = ShaderProgram.cpp; sourceTree = "<group>"; };
		11A79B63153C2FE9002B9F0A /* ShaderProgram.h */ = {isa = PBXFileReference; fileEncoding = 4; lastKnownFileType = sourcecode.c.h; path = ShaderProgram.h; sourceTree = "<group>"; };
		11A79B64153C2FE9002B9F0A /* TextFont.cpp */ = {isa = PBXFileReference; fileEncoding = 4; lastKnownFileType = sourcecode.cpp.cpp; path = TextFont.cpp; sourceTree = "<group>"; };
		11A79B65153C2FE9002B9F0A /* TextFont.h */ = {isa = PBXFileReference; fileEncoding = 4; lastKnownFileType = sourcecode.c.h; path = TextFont.h; sourceTree = "<group>"; };
		11A79B66153C2FE9002B9F0A /* Texture.cpp */ = {isa = PBXFileReference; fileEncoding = 4; lastKnownFileType = sourcecode.cpp.cpp; path = Texture.cpp; sourceTree = "<group>"; };
		11A79B67153C2FE9002B9F0A /* Texture.h */ = {isa = PBXFileReference; fileEncoding = 4; lastKnownFileType = sourcecode.c.h; path = Texture.h; sourceTree = "<group>"; };
		11A79B68153C2FE9002B9F0A /* Utilities.cpp */ = {isa = PBXFileReference; fileEncoding = 4; lastKnownFileType = sourcecode.cpp.cpp; path = Utilities.cpp; sourceTree = "<group>"; };
		11A79B69153C2FE9002B9F0A /* Utilities.h */ = {isa = PBXFileReference; fileEncoding = 4; lastKnownFileType = sourcecode.c.h; path = Utilities.h; sourceTree = "<group>"; };
		11A907601629B27A00B16607 /* XMLUtilities.cpp */ = {isa = PBXFileReference; fileEncoding = 4; lastKnownFileType = sourcecode.cpp.cpp; name = XMLUtilities.cpp; path = Source/Engine/XMLUtilities.cpp; sourceTree = SOURCE_ROOT; };
		11A907611629B27A00B16607 /* XMLUtilities.h */ = {isa = PBXFileReference; fileEncoding = 4; lastKnownFileType = sourcecode.c.h; name = XMLUtilities.h; path = Source/Engine/XMLUtilities.h; sourceTree = SOURCE_ROOT; };
		11AD22DA16FCE77100B9FB12 /* main.cpp */ = {isa = PBXFileReference; fileEncoding = 4; lastKnownFileType = sourcecode.cpp.cpp; path = main.cpp; sourceTree = "<group>"; };
		11B2626D15E28DF6002C638D /* VisualObject.cpp */ = {isa = PBXFileReference; fileEncoding = 4; lastKnownFileType = sourcecode.cpp.cpp; path = VisualObject.cpp; sourceTree = "<group>"; };
		11B2626E15E28DF6002C638D /* VisualObject.h */ = {isa = PBXFileReference; fileEncoding = 4; lastKnownFileType = sourcecode.c.h; path = VisualObject.h; sourceTree = "<group>"; };
		11BCD05E1756686900939274 /* ScriptLinks.cpp */ = {isa = PBXFileReference; fileEncoding = 4; lastKnownFileType = sourcecode.cpp.cpp; path = ScriptLinks.cpp; sourceTree = "<group>"; };
		11BCD05F1756686900939274 /* ScriptLinks.h */ = {isa = PBXFileReference; fileEncoding = 4; lastKnownFileType = sourcecode.c.h; path = ScriptLinks.h; sourceTree = "<group>"; };
		11BD39AA15414A81007846B8 /* LightObject.h */ = {isa = PBXFileReference; lastKnownFileType = sourcecode.c.h; path = LightObject.h; sourceTree = "<group>"; };
		11BD39AC15414AA6007846B8 /* LightObject.cpp */ = {isa = PBXFileReference; fileEncoding = 4; lastKnownFileType = sourcecode.cpp.cpp; path = LightObject.cpp; sourceTree = "<group>"; };
		11C238D71613164C009D6F9C /* LevelManager.cpp */ = {isa = PBXFileReference; fileEncoding = 4; lastKnownFileType = sourcecode.cpp.cpp; path = LevelManager.cpp; sourceTree = "<group>"; };
		11C238D81613164C009D6F9C /* LevelManager.h */ = {isa = PBXFileReference; fileEncoding = 4; lastKnownFileType = sourcecode.c.h; path = LevelManager.h; sourceTree = "<group>"; };
		11CC497D1833D7380099BFE8 /* libLeap.dylib */ = {isa = PBXFileReference; lastKnownFileType = "compiled.mach-o.dylib"; name = libLeap.dylib; path = "Libraries/LeapSDK/lib/libc++/libLeap.dylib"; sourceTree = "<group>"; };
		11D0C0F11727CE70004C30E9 /* ScriptGUIInput.cpp */ = {isa = PBXFileReference; fileEncoding = 4; lastKnownFileType = sourcecode.cpp.cpp; path = ScriptGUIInput.cpp; sourceTree = "<group>"; };
		11D0C0F21727CE71004C30E9 /* ScriptGUIInput.h */ = {isa = PBXFileReference; fileEncoding = 4; lastKnownFileType = sourcecode.c.h; path = ScriptGUIInput.h; sourceTree = "<group>"; };
		11D74B4416270A65000EEB50 /* Packages */ = {isa = PBXFileReference; lastKnownFileType = folder; path = Packages; sourceTree = "<group>"; };
		11D74B4516270A65000EEB50 /* Shaders */ = {isa = PBXFileReference; lastKnownFileType = folder; path = Shaders; sourceTree = "<group>"; };
		11D74B4D16296735000EEB50 /* LevelLoader.cpp */ = {isa = PBXFileReference; fileEncoding = 4; lastKnownFileType = sourcecode.cpp.cpp; path = LevelLoader.cpp; sourceTree = "<group>"; };
		11D74B4E16296735000EEB50 /* LevelLoader.h */ = {isa = PBXFileReference; fileEncoding = 4; lastKnownFileType = sourcecode.c.h; path = LevelLoader.h; sourceTree = "<group>"; };
		11DA1F0D162DEA03007D7E6C /* Ray3.cpp */ = {isa = PBXFileReference; fileEncoding = 4; lastKnownFileType = sourcecode.cpp.cpp; path = Ray3.cpp; sourceTree = "<group>"; };
		11DA1F0E162DEA03007D7E6C /* Ray3.h */ = {isa = PBXFileReference; fileEncoding = 4; lastKnownFileType = sourcecode.c.h; path = Ray3.h; sourceTree = "<group>"; };
		11DA1F0F162DEA03007D7E6C /* Matrix4.cpp */ = {isa = PBXFileReference; fileEncoding = 4; lastKnownFileType = sourcecode.cpp.cpp; path = Matrix4.cpp; sourceTree = "<group>"; };
		11DA1F10162DEA03007D7E6C /* Matrix4.h */ = {isa = PBXFileReference; fileEncoding = 4; lastKnownFileType = sourcecode.c.h; path = Matrix4.h; sourceTree = "<group>"; };
		11DA1F14162DEA18007D7E6C /* LightVolume.cpp */ = {isa = PBXFileReference; fileEncoding = 4; lastKnownFileType = sourcecode.cpp.cpp; path = LightVolume.cpp; sourceTree = "<group>"; };
		11DA1F15162DEA18007D7E6C /* LightVolume.h */ = {isa = PBXFileReference; fileEncoding = 4; lastKnownFileType = sourcecode.c.h; path = LightVolume.h; sourceTree = "<group>"; };
		11DD0B0917AA509900A43E39 /* OpenCL.framework */ = {isa = PBXFileReference; lastKnownFileType = wrapper.framework; name = OpenCL.framework; path = System/Library/Frameworks/OpenCL.framework; sourceTree = SDKROOT; };
		11EC642D178F3291007990B9 /* LeapMotion.cpp */ = {isa = PBXFileReference; fileEncoding = 4; lastKnownFileType = sourcecode.cpp.cpp; path = LeapMotion.cpp; sourceTree = "<group>"; };
		11EC642E178F3291007990B9 /* LeapMotion.h */ = {isa = PBXFileReference; fileEncoding = 4; lastKnownFileType = sourcecode.c.h; path = LeapMotion.h; sourceTree = "<group>"; };
		11ECD33F17EC9E7200D6F865 /* Icon.icns */ = {isa = PBXFileReference; lastKnownFileType = image.icns; path = Icon.icns; sourceTree = "<group>"; };
		11F1EEB5156FE48B00F7275D /* ParticlesObject.h */ = {isa = PBXFileReference; lastKnownFileType = sourcecode.c.h; path = ParticlesObject.h; sourceTree = "<group>"; };
		11F1EEB7156FE49400F7275D /* ParticlesObject.cpp */ = {isa = PBXFileReference; fileEncoding = 4; lastKnownFileType = sourcecode.cpp.cpp; path = ParticlesObject.cpp; sourceTree = "<group>"; };
		11FE8AB016B5A3F400B682D0 /* ScriptManager.cpp */ = {isa = PBXFileReference; fileEncoding = 4; lastKnownFileType = sourcecode.cpp.cpp; path = ScriptManager.cpp; sourceTree = "<group>"; };
		11FE8AB116B5A3F400B682D0 /* ScriptManager.h */ = {isa = PBXFileReference; fileEncoding = 4; lastKnownFileType = sourcecode.c.h; path = ScriptManager.h; sourceTree = "<group>"; };
		11FE8AB316B719CE00B682D0 /* Script.cpp */ = {isa = PBXFileReference; fileEncoding = 4; lastKnownFileType = sourcecode.cpp.cpp; path = Script.cpp; sourceTree = "<group>"; };
		11FE8AB416B719CE00B682D0 /* Script.h */ = {isa = PBXFileReference; fileEncoding = 4; lastKnownFileType = sourcecode.c.h; path = Script.h; sourceTree = "<group>"; };
/* End PBXFileReference section */

/* Begin PBXFrameworksBuildPhase section */
		1118251314F2553900F198A7 /* Frameworks */ = {
			isa = PBXFrameworksBuildPhase;
			buildActionMask = 2147483647;
			files = (
				11511422170CBE6700F77236 /* libNetLink.a in Frameworks */,
				11CC497E1833D7380099BFE8 /* libLeap.dylib in Frameworks */,
				1197492C17DB39FA00414CAA /* libv8.dylib in Frameworks */,
				1114B87016A8933200B1CD41 /* Ogg.framework in Frameworks */,
				1114B87116A8933200B1CD41 /* Vorbis.framework in Frameworks */,
				1149A7DB17E111D20038015E /* SDL2.framework in Frameworks */,
				1149A7DE17E111DA0038015E /* SDL2_image.framework in Frameworks */,
				1149A7DF17E111DA0038015E /* SDL2_ttf.framework in Frameworks */,
				1114B84616A88BD100B1CD41 /* BulletCollision.framework in Frameworks */,
				1114B84716A88BD100B1CD41 /* BulletDynamics.framework in Frameworks */,
				1114B84816A88BD100B1CD41 /* BulletMultiThreaded.framework in Frameworks */,
				1114B84916A88BD100B1CD41 /* BulletSoftBody.framework in Frameworks */,
				1114B84A16A88BD100B1CD41 /* LinearMath.framework in Frameworks */,
				1118254414F2559B00F198A7 /* OpenAL.framework in Frameworks */,
				11DD0B0A17AA509900A43E39 /* OpenCL.framework in Frameworks */,
				1118254214F2559600F198A7 /* OpenGL.framework in Frameworks */,
				1118251B14F2553A00F198A7 /* Cocoa.framework in Frameworks */,
			);
			runOnlyForDeploymentPostprocessing = 0;
		};
/* End PBXFrameworksBuildPhase section */

/* Begin PBXGroup section */
		1118250B14F2553900F198A7 = {
			isa = PBXGroup;
			children = (
				11D74B4216270A5A000EEB50 /* Resources */,
				11A79B1E153C2FE9002B9F0A /* Source */,
				1118251914F2553A00F198A7 /* Frameworks */,
				1118251714F2553A00F198A7 /* Products */,
			);
			sourceTree = "<group>";
		};
		1118251714F2553A00F198A7 /* Products */ = {
			isa = PBXGroup;
			children = (
				1118251614F2553A00F198A7 /* Olypsum.app */,
			);
			name = Products;
			sourceTree = "<group>";
		};
		1118251914F2553A00F198A7 /* Frameworks */ = {
			isa = PBXGroup;
			children = (
				11511421170CBE6700F77236 /* libNetLink.a */,
				11CC497D1833D7380099BFE8 /* libLeap.dylib */,
				1197492B17DB39FA00414CAA /* libv8.dylib */,
				1114B86E16A8933200B1CD41 /* Ogg.framework */,
				1114B86F16A8933200B1CD41 /* Vorbis.framework */,
				1114B84016A88BD100B1CD41 /* BulletCollision.framework */,
				1114B84116A88BD100B1CD41 /* BulletDynamics.framework */,
				1114B84216A88BD100B1CD41 /* BulletMultiThreaded.framework */,
				1114B84316A88BD100B1CD41 /* BulletSoftBody.framework */,
				1114B84416A88BD100B1CD41 /* LinearMath.framework */,
				1149A7DA17E111D20038015E /* SDL2.framework */,
				1149A7DC17E111D90038015E /* SDL2_image.framework */,
				1149A7DD17E111D90038015E /* SDL2_ttf.framework */,
				1118251C14F2553A00F198A7 /* Other Frameworks */,
			);
			name = Frameworks;
			sourceTree = "<group>";
		};
		1118251C14F2553A00F198A7 /* Other Frameworks */ = {
			isa = PBXGroup;
			children = (
				1118254314F2559B00F198A7 /* OpenAL.framework */,
				11DD0B0917AA509900A43E39 /* OpenCL.framework */,
				1118254114F2559600F198A7 /* OpenGL.framework */,
				1118251A14F2553A00F198A7 /* Cocoa.framework */,
				1118251D14F2553A00F198A7 /* AppKit.framework */,
				1118251F14F2553A00F198A7 /* Foundation.framework */,
			);
			name = "Other Frameworks";
			sourceTree = "<group>";
		};
		114325DF18671C7600A6ADC3 /* Menu */ = {
			isa = PBXGroup;
			children = (
				114325E118671C8800A6ADC3 /* Menu.h */,
				114325E018671C8800A6ADC3 /* Menu.cpp */,
				114325E9186724B000A6ADC3 /* GamesMenu.cpp */,
				114325EA186724B000A6ADC3 /* MultiplayerMenu.cpp */,
				114325EB186724B000A6ADC3 /* OptionsMenu.cpp */,
			);
			name = Menu;
			sourceTree = "<group>";
		};
		11A79B1E153C2FE9002B9F0A /* Source */ = {
			isa = PBXGroup;
			children = (
				11A79B1F153C2FE9002B9F0A /* Engine */,
			);
			path = Source;
			sourceTree = "<group>";
		};
		11A79B1F153C2FE9002B9F0A /* Engine */ = {
			isa = PBXGroup;
			children = (
				11A79B69153C2FE9002B9F0A /* Utilities.h */,
				11A79B68153C2FE9002B9F0A /* Utilities.cpp */,
				11A3255417089E2100B038D2 /* Network.h */,
				11A3255317089E2100B038D2 /* Network.cpp */,
				11329D5916BD8A2A000CC025 /* Profiler.h */,
				11329D5816BD8A29000CC025 /* Profiler.cpp */,
				11A79B5D153C2FE9002B9F0A /* rapidxml-1.13 */,
				11A907611629B27A00B16607 /* XMLUtilities.h */,
				11A907601629B27A00B16607 /* XMLUtilities.cpp */,
				11DA1F0E162DEA03007D7E6C /* Ray3.h */,
				11DA1F0D162DEA03007D7E6C /* Ray3.cpp */,
				11DA1F10162DEA03007D7E6C /* Matrix4.h */,
				11DA1F0F162DEA03007D7E6C /* Matrix4.cpp */,
				11A79B25153C2FE9002B9F0A /* FileManager.h */,
				11A79B24153C2FE9002B9F0A /* FileManager.cpp */,
				11A79B67153C2FE9002B9F0A /* Texture.h */,
				11A79B66153C2FE9002B9F0A /* Texture.cpp */,
				1115463816A0BA4200F27340 /* VertexArrayObject.h */,
				1115463716A0BA4200F27340 /* VertexArrayObject.cpp */,
				11648F6B153DEE0F004CA74D /* FBO.h */,
				11648F6D153DEE63004CA74D /* FBO.cpp */,
				112BF17F162AFE8100CF0C0D /* Object.h */,
				112BF17E162AFE8100CF0C0D /* Object.cpp */,
				112672E81699BBFD000BB805 /* Links.h */,
				112672E71699BBFD000BB805 /* Links.cpp */,
				11A79B63153C2FE9002B9F0A /* ShaderProgram.h */,
				11A79B62153C2FE9002B9F0A /* ShaderProgram.cpp */,
				11A79B23153C2FE9002B9F0A /* CamObject.h */,
				11A79B22153C2FE9002B9F0A /* CamObject.cpp */,
				11A79B5C153C2FE9002B9F0A /* Model.h */,
				11A79B5B153C2FE9002B9F0A /* Model.cpp */,
				11B2626E15E28DF6002C638D /* VisualObject.h */,
				11B2626D15E28DF6002C638D /* VisualObject.cpp */,
				112672EB1699BCF0000BB805 /* TerrainObject.h */,
				112672EA1699BCF0000BB805 /* TerrainObject.cpp */,
				118B60601573E2DF004C132E /* Audio.h */,
				118B60611573E2E8004C132E /* Audio.cpp */,
				11F1EEB5156FE48B00F7275D /* ParticlesObject.h */,
				11F1EEB7156FE49400F7275D /* ParticlesObject.cpp */,
				11DA1F15162DEA18007D7E6C /* LightVolume.h */,
				11DA1F14162DEA18007D7E6C /* LightVolume.cpp */,
				11BD39AA15414A81007846B8 /* LightObject.h */,
				11BD39AC15414AA6007846B8 /* LightObject.cpp */,
				118620471650165400A32518 /* ObjectManager.h */,
				118620461650165400A32518 /* ObjectManager.cpp */,
				11A79B65153C2FE9002B9F0A /* TextFont.h */,
				11A79B64153C2FE9002B9F0A /* TextFont.cpp */,
				11A79B26153C2FE9002B9F0A /* GUI */,
				11D74B4E16296735000EEB50 /* LevelLoader.h */,
				11D74B4D16296735000EEB50 /* LevelLoader.cpp */,
				114A0E6A169064E800D2CE9C /* LevelSaver.h */,
				114A0E69169064E800D2CE9C /* LevelSaver.cpp */,
				11C238D81613164C009D6F9C /* LevelManager.h */,
				11C238D71613164C009D6F9C /* LevelManager.cpp */,
				114325DF18671C7600A6ADC3 /* Menu */,
				11EC642E178F3291007990B9 /* LeapMotion.h */,
				11EC642D178F3291007990B9 /* LeapMotion.cpp */,
				11FE8AAF16B5A3D900B682D0 /* Scripting */,
				11A79B21153C2FE9002B9F0A /* AppMain.h */,
				11A79B20153C2FE9002B9F0A /* AppMain.cpp */,
				11AD22DA16FCE77100B9FB12 /* main.cpp */,
				11A79B54153C2FE9002B9F0A /* macCompCode */,
			);
			path = Engine;
			sourceTree = "<group>";
		};
		11A79B26153C2FE9002B9F0A /* GUI */ = {
			isa = PBXGroup;
			children = (
				11A79B2E153C2FE9002B9F0A /* GUIClipRect.h */,
				11A79B2D153C2FE9002B9F0A /* GUIClipRect.cpp */,
				11A79B36153C2FE9002B9F0A /* GUIRect.h */,
				11A79B35153C2FE9002B9F0A /* GUIRect.cpp */,
				11A79B38153C2FE9002B9F0A /* GUIRoundedRect.h */,
				11A79B37153C2FE9002B9F0A /* GUIRoundedRect.cpp */,
				11A79B42153C2FE9002B9F0A /* GUIView.h */,
				11A79B41153C2FE9002B9F0A /* GUIView.cpp */,
				11A79B3A153C2FE9002B9F0A /* GUIScrollView.h */,
				11A79B39153C2FE9002B9F0A /* GUIScrollView.cpp */,
				11A79B32153C2FE9002B9F0A /* GUILabel.h */,
				11A79B31153C2FE9002B9F0A /* GUILabel.cpp */,
				11A79B28153C2FE9002B9F0A /* GUIButton.h */,
				11A79B27153C2FE9002B9F0A /* GUIButton.cpp */,
				11A79B2C153C2FE9002B9F0A /* GUICheckBox.h */,
				11A79B2B153C2FE9002B9F0A /* GUICheckBox.cpp */,
				11A79B3E153C2FE9002B9F0A /* GUITabs.h */,
				11A79B3D153C2FE9002B9F0A /* GUITabs.cpp */,
				11A79B34153C2FE9002B9F0A /* GUIProgressBar.h */,
				11A79B33153C2FE9002B9F0A /* GUIProgressBar.cpp */,
				11A79B3C153C2FE9002B9F0A /* GUISlider.h */,
				11A79B3B153C2FE9002B9F0A /* GUISlider.cpp */,
				11A79B40153C2FE9002B9F0A /* GUITextField.h */,
				11A79B3F153C2FE9002B9F0A /* GUITextField.cpp */,
				11A79B30153C2FE9002B9F0A /* GUIImage.h */,
				11A79B2F153C2FE9002B9F0A /* GUIImage.cpp */,
			);
			path = GUI;
			sourceTree = "<group>";
		};
		11A79B54153C2FE9002B9F0A /* macCompCode */ = {
			isa = PBXGroup;
			children = (
				11A79B55153C2FE9002B9F0A /* MainMenu.xib */,
				11A79B57153C2FE9002B9F0A /* Info.plist */,
				11A79B58153C2FE9002B9F0A /* main.mm */,
				11A79B59153C2FE9002B9F0A /* SDLMain.h */,
				11A79B5A153C2FE9002B9F0A /* SDLMain.mm */,
			);
			path = macCompCode;
			sourceTree = "<group>";
		};
		11A79B5D153C2FE9002B9F0A /* rapidxml-1.13 */ = {
			isa = PBXGroup;
			children = (
				11A79B5E153C2FE9002B9F0A /* rapidxml.hpp */,
				11A79B5F153C2FE9002B9F0A /* rapidxml_iterators.hpp */,
				11A79B60153C2FE9002B9F0A /* rapidxml_print.hpp */,
				11A79B61153C2FE9002B9F0A /* rapidxml_utils.hpp */,
			);
			path = "rapidxml-1.13";
			sourceTree = "<group>";
		};
		11D74B4216270A5A000EEB50 /* Resources */ = {
			isa = PBXGroup;
			children = (
				11ECD33F17EC9E7200D6F865 /* Icon.icns */,
				11D74B4416270A65000EEB50 /* Packages */,
				11D74B4516270A65000EEB50 /* Shaders */,
			);
			path = Resources;
			sourceTree = "<group>";
		};
		11FE8AAF16B5A3D900B682D0 /* Scripting */ = {
			isa = PBXGroup;
			children = (
				11FE8AB416B719CE00B682D0 /* Script.h */,
				11FE8AB316B719CE00B682D0 /* Script.cpp */,
				11A6811E16B96CFC000E4029 /* ScriptLinearAlgebra.h */,
				11A6811D16B96CFC000E4029 /* ScriptLinearAlgebra.cpp */,
				117CBA9B16EBDC6800307B94 /* ScriptObject.h */,
				117CBA9A16EBDC6800307B94 /* ScriptObject.cpp */,
				11511424170D9B7C00F77236 /* ScriptVisualObject.h */,
				11511423170D9B7B00F77236 /* ScriptVisualObject.cpp */,
				1145E3C4170ECEBB00480189 /* ScriptSimpleObject.h */,
				1145E3C3170ECEBB00480189 /* ScriptSimpleObject.cpp */,
				112307F4171462E0001167DF /* ScriptParticlesObject.h */,
				112307F3171462E0001167DF /* ScriptParticlesObject.cpp */,
				112307F71718A083001167DF /* ScriptLightObject.h */,
				112307F61718A082001167DF /* ScriptLightObject.cpp */,
				11BCD05F1756686900939274 /* ScriptLinks.h */,
				11BCD05E1756686900939274 /* ScriptLinks.cpp */,
				1151141F170C1A0E00F77236 /* ScriptIntersection.h */,
				1151141E170C1A0E00F77236 /* ScriptIntersection.cpp */,
				1188A5421745403900D535B2 /* ScriptAnimation.h */,
				1188A5411745403900D535B2 /* ScriptAnimation.cpp */,
				1199EC321722D204006BD235 /* ScriptIO.h */,
				1199EC311722D204006BD235 /* ScriptIO.cpp */,
				11623856171DF1050027561B /* ScriptGUIRect.h */,
				11623855171DF1050027561B /* ScriptGUIRect.cpp */,
				1178F6B617209036006EAE7D /* ScriptGUIView.h */,
				1178F6B517209036006EAE7D /* ScriptGUIView.cpp */,
				1199EC351723D794006BD235 /* ScriptGUIOutput.h */,
				1199EC341723D793006BD235 /* ScriptGUIOutput.cpp */,
				11D0C0F21727CE71004C30E9 /* ScriptGUIInput.h */,
				11D0C0F11727CE70004C30E9 /* ScriptGUIInput.cpp */,
				1102B34B172AEF3500D6913E /* ScriptGUIButton.h */,
				1102B34A172AEF3500D6913E /* ScriptGUIButton.cpp */,
				11FE8AB116B5A3F400B682D0 /* ScriptManager.h */,
				11FE8AB016B5A3F400B682D0 /* ScriptManager.cpp */,
			);
			path = Scripting;
			sourceTree = "<group>";
		};
/* End PBXGroup section */

/* Begin PBXNativeTarget section */
		1118251514F2553900F198A7 /* Olypsum */ = {
			isa = PBXNativeTarget;
			buildConfigurationList = 1118253414F2553A00F198A7 /* Build configuration list for PBXNativeTarget "Olypsum" */;
			buildPhases = (
				1118251214F2553900F198A7 /* Sources */,
				1118251314F2553900F198A7 /* Frameworks */,
				1118251414F2553900F198A7 /* Resources */,
				1114B87216A8936E00B1CD41 /* CopyFiles */,
			);
			buildRules = (
			);
			dependencies = (
			);
			name = Olypsum;
			productName = Olypsum;
			productReference = 1118251614F2553A00F198A7 /* Olypsum.app */;
			productType = "com.apple.product-type.application";
		};
/* End PBXNativeTarget section */

/* Begin PBXProject section */
		1118250D14F2553900F198A7 /* Project object */ = {
			isa = PBXProject;
			attributes = {
				LastUpgradeCheck = 0450;
			};
			buildConfigurationList = 1118251014F2553900F198A7 /* Build configuration list for PBXProject "Olypsum" */;
			compatibilityVersion = "Xcode 3.2";
			developmentRegion = English;
			hasScannedForEncodings = 0;
			knownRegions = (
				en,
			);
			mainGroup = 1118250B14F2553900F198A7;
			productRefGroup = 1118251714F2553A00F198A7 /* Products */;
			projectDirPath = "";
			projectRoot = "";
			targets = (
				1118251514F2553900F198A7 /* Olypsum */,
			);
		};
/* End PBXProject section */

/* Begin PBXResourcesBuildPhase section */
		1118251414F2553900F198A7 /* Resources */ = {
			isa = PBXResourcesBuildPhase;
			buildActionMask = 2147483647;
			files = (
				11ECD34117EC9E7F00D6F865 /* Icon.icns in Resources */,
				11A79B83153C2FE9002B9F0A /* MainMenu.xib in Resources */,
				11D74B4716270A65000EEB50 /* Packages in Resources */,
				11D74B4816270A65000EEB50 /* Shaders in Resources */,
			);
			runOnlyForDeploymentPostprocessing = 0;
		};
/* End PBXResourcesBuildPhase section */

/* Begin PBXSourcesBuildPhase section */
		1118251214F2553900F198A7 /* Sources */ = {
			isa = PBXSourcesBuildPhase;
			buildActionMask = 2147483647;
			files = (
				11A9075F1629B19000B16607 /* Utilities.cpp in Sources */,
				11A79B6A153C2FE9002B9F0A /* AppMain.cpp in Sources */,
				11A79B6B153C2FE9002B9F0A /* CamObject.cpp in Sources */,
				11A79B6C153C2FE9002B9F0A /* FileManager.cpp in Sources */,
				11A79B6D153C2FE9002B9F0A /* GUIButton.cpp in Sources */,
				11A79B6F153C2FE9002B9F0A /* GUICheckBox.cpp in Sources */,
				11A79B70153C2FE9002B9F0A /* GUIClipRect.cpp in Sources */,
				11A79B71153C2FE9002B9F0A /* GUIImage.cpp in Sources */,
				11A79B72153C2FE9002B9F0A /* GUILabel.cpp in Sources */,
				11A79B73153C2FE9002B9F0A /* GUIProgressBar.cpp in Sources */,
				11A79B74153C2FE9002B9F0A /* GUIRect.cpp in Sources */,
				11A79B75153C2FE9002B9F0A /* GUIRoundedRect.cpp in Sources */,
				11A79B76153C2FE9002B9F0A /* GUIScrollView.cpp in Sources */,
				11EC642F178F3291007990B9 /* LeapMotion.cpp in Sources */,
				11A79B77153C2FE9002B9F0A /* GUISlider.cpp in Sources */,
				11A79B78153C2FE9002B9F0A /* GUITabs.cpp in Sources */,
				11A79B79153C2FE9002B9F0A /* GUITextField.cpp in Sources */,
				11A79B7A153C2FE9002B9F0A /* GUIView.cpp in Sources */,
				11A79B85153C2FE9002B9F0A /* main.mm in Sources */,
				11A79B86153C2FE9002B9F0A /* SDLMain.mm in Sources */,
				11A79B87153C2FE9002B9F0A /* Model.cpp in Sources */,
				11A79B88153C2FE9002B9F0A /* ShaderProgram.cpp in Sources */,
				11A79B89153C2FE9002B9F0A /* TextFont.cpp in Sources */,
				114325ED186724B000A6ADC3 /* MultiplayerMenu.cpp in Sources */,
				11A79B8A153C2FE9002B9F0A /* Texture.cpp in Sources */,
				114325EC186724B000A6ADC3 /* GamesMenu.cpp in Sources */,
				11648F6E153DEE63004CA74D /* FBO.cpp in Sources */,
				11BD39AD15414AA6007846B8 /* LightObject.cpp in Sources */,
				11F1EEB8156FE49400F7275D /* ParticlesObject.cpp in Sources */,
				118B60621573E2E8004C132E /* Audio.cpp in Sources */,
				11B2626F15E28DF7002C638D /* VisualObject.cpp in Sources */,
				11C238D91613164C009D6F9C /* LevelManager.cpp in Sources */,
				11D74B4F16296735000EEB50 /* LevelLoader.cpp in Sources */,
				11A907621629B27A00B16607 /* XMLUtilities.cpp in Sources */,
				112BF180162AFE8100CF0C0D /* Object.cpp in Sources */,
				11DA1F11162DEA03007D7E6C /* Ray3.cpp in Sources */,
				114325E218671C8800A6ADC3 /* Menu.cpp in Sources */,
				11DA1F12162DEA03007D7E6C /* Matrix4.cpp in Sources */,
				11DA1F16162DEA18007D7E6C /* LightVolume.cpp in Sources */,
				118620481650165400A32518 /* ObjectManager.cpp in Sources */,
				114A0E6B169064E800D2CE9C /* LevelSaver.cpp in Sources */,
				112672E91699BBFD000BB805 /* Links.cpp in Sources */,
				112672EC1699BCF1000BB805 /* TerrainObject.cpp in Sources */,
				1115463916A0BA4200F27340 /* VertexArrayObject.cpp in Sources */,
				11FE8AB216B5A3F400B682D0 /* ScriptManager.cpp in Sources */,
				11FE8AB516B719CE00B682D0 /* Script.cpp in Sources */,
				11A6811F16B96CFC000E4029 /* ScriptLinearAlgebra.cpp in Sources */,
				11329D5A16BD8A2A000CC025 /* Profiler.cpp in Sources */,
				117CBA9C16EBDC6800307B94 /* ScriptObject.cpp in Sources */,
				11AD22DB16FCE77200B9FB12 /* main.cpp in Sources */,
				114325EE186724B000A6ADC3 /* OptionsMenu.cpp in Sources */,
				11A3255517089E2100B038D2 /* Network.cpp in Sources */,
				11511420170C1A0E00F77236 /* ScriptIntersection.cpp in Sources */,
				11511425170D9B7C00F77236 /* ScriptVisualObject.cpp in Sources */,
				1145E3C5170ECEBB00480189 /* ScriptSimpleObject.cpp in Sources */,
				112307F5171462E0001167DF /* ScriptParticlesObject.cpp in Sources */,
				112307F81718A083001167DF /* ScriptLightObject.cpp in Sources */,
				11623857171DF1050027561B /* ScriptGUIRect.cpp in Sources */,
				1178F6B717209036006EAE7D /* ScriptGUIView.cpp in Sources */,
				1199EC331722D205006BD235 /* ScriptIO.cpp in Sources */,
				1199EC361723D795006BD235 /* ScriptGUIOutput.cpp in Sources */,
				11D0C0F31727CE71004C30E9 /* ScriptGUIInput.cpp in Sources */,
				1102B34C172AEF3500D6913E /* ScriptGUIButton.cpp in Sources */,
				1188A5431745403900D535B2 /* ScriptAnimation.cpp in Sources */,
				11BCD0601756686A00939274 /* ScriptLinks.cpp in Sources */,
			);
			runOnlyForDeploymentPostprocessing = 0;
		};
/* End PBXSourcesBuildPhase section */

/* Begin PBXVariantGroup section */
		11A79B55153C2FE9002B9F0A /* MainMenu.xib */ = {
			isa = PBXVariantGroup;
			children = (
				11A79B56153C2FE9002B9F0A /* en */,
			);
			name = MainMenu.xib;
			sourceTree = "<group>";
		};
/* End PBXVariantGroup section */

/* Begin XCBuildConfiguration section */
		1118253214F2553A00F198A7 /* Debug */ = {
			isa = XCBuildConfiguration;
			buildSettings = {
				ALTERNATE_PERMISSIONS_FILES = macosx;
				ALWAYS_SEARCH_USER_PATHS = NO;
				ARCHS = "$(ARCHS_STANDARD_64_BIT)";
				CLANG_CXX_LANGUAGE_STANDARD = "c++0x";
				CLANG_CXX_LIBRARY = "libc++";
				CLANG_ENABLE_OBJC_ARC = YES;
				COPY_PHASE_STRIP = NO;
				FRAMEWORK_SEARCH_PATHS = /Library/Frameworks;
				GCC_C_LANGUAGE_STANDARD = "compiler-default";
				GCC_DYNAMIC_NO_PIC = NO;
				GCC_ENABLE_OBJC_EXCEPTIONS = YES;
				GCC_OPTIMIZATION_LEVEL = s;
				GCC_PREPROCESSOR_DEFINITIONS = (
					"VERSION='\"0.0.1\"'",
					"DEBUG=1",
					"$(inherited)",
				);
				GCC_PREPROCESSOR_DEFINITIONS_NOT_USED_IN_PRECOMPS = "$(OTHER_CFLAGS)";
				GCC_SYMBOLS_PRIVATE_EXTERN = NO;
				GCC_UNROLL_LOOPS = YES;
				GCC_VERSION = "";
				GCC_WARN_64_TO_32_BIT_CONVERSION = NO;
				GCC_WARN_ABOUT_MISSING_PROTOTYPES = YES;
				GCC_WARN_ABOUT_RETURN_TYPE = YES;
				GCC_WARN_UNUSED_VARIABLE = YES;
				HEADER_SEARCH_PATHS = "";
				LLVM_VECTORIZE_LOOPS = YES;
				MACOSX_DEPLOYMENT_TARGET = 10.7;
				ONLY_ACTIVE_ARCH = YES;
				OTHER_CPLUSPLUSFLAGS = "$(OTHER_CFLAGS)";
				SDKROOT = macosx;
				USER_HEADER_SEARCH_PATHS = "";
			};
			name = Debug;
		};
		1118253314F2553A00F198A7 /* Release */ = {
			isa = XCBuildConfiguration;
			buildSettings = {
				ALTERNATE_PERMISSIONS_FILES = macosx;
				ALWAYS_SEARCH_USER_PATHS = NO;
				ARCHS = "$(ARCHS_STANDARD_64_BIT)";
				CLANG_CXX_LANGUAGE_STANDARD = "c++0x";
				CLANG_CXX_LIBRARY = "libc++";
				CLANG_ENABLE_OBJC_ARC = YES;
				COPY_PHASE_STRIP = YES;
				DEBUG_INFORMATION_FORMAT = "dwarf-with-dsym";
				FRAMEWORK_SEARCH_PATHS = /Library/Frameworks;
				GCC_C_LANGUAGE_STANDARD = "compiler-default";
				GCC_ENABLE_OBJC_EXCEPTIONS = YES;
				GCC_PREPROCESSOR_DEFINITIONS_NOT_USED_IN_PRECOMPS = "$(OTHER_CFLAGS)";
				GCC_UNROLL_LOOPS = YES;
				GCC_VERSION = "";
				GCC_WARN_64_TO_32_BIT_CONVERSION = NO;
				GCC_WARN_ABOUT_MISSING_PROTOTYPES = YES;
				GCC_WARN_ABOUT_RETURN_TYPE = YES;
				GCC_WARN_UNUSED_VARIABLE = YES;
				HEADER_SEARCH_PATHS = "";
				LLVM_LTO = YES;
				LLVM_VECTORIZE_LOOPS = YES;
				MACOSX_DEPLOYMENT_TARGET = 10.7;
				OTHER_CPLUSPLUSFLAGS = "$(OTHER_CFLAGS)";
				SDKROOT = macosx;
				USER_HEADER_SEARCH_PATHS = "";
			};
			name = Release;
		};
		1118253514F2553A00F198A7 /* Debug */ = {
			isa = XCBuildConfiguration;
			buildSettings = {
				CLANG_CXX_LANGUAGE_STANDARD = "c++0x";
				CLANG_CXX_LIBRARY = "libc++";
				COMBINE_HIDPI_IMAGES = YES;
				FRAMEWORK_SEARCH_PATHS = (
					"$(inherited)",
					"$(LOCAL_LIBRARY_DIR)/Frameworks",
				);
				GCC_PRECOMPILE_PREFIX_HEADER = NO;
				GCC_PREFIX_HEADER = "";
				GCC_PREPROCESSOR_DEFINITIONS_NOT_USED_IN_PRECOMPS = "$(OTHER_CFLAGS)";
				HEADER_SEARCH_PATHS = (
					"$(inherited)",
					"$(SRCROOT)/Libraries/bulletPhysics/src/**",
					"$(SRCROOT)/Libraries/v8/include/**",
					"$(SRCROOT)/Libraries/netLink/include/**",
					"$(SRCROOT)/Libraries/LeapSDK/include",
				);
				INFOPLIST_FILE = Source/Engine/macCompCode/Info.plist;
				LIBRARY_SEARCH_PATHS = (
					"$(inherited)",
					"$(SRCROOT)/Libraries/v8/out/native",
					"$(SRCROOT)/Libraries/netLink/out",
					"$(SRCROOT)/Libraries/LeapSDK/lib",
					"/Users/alexander/Desktop/Olypsum/Libraries/LeapSDK/lib/libc++",
				);
				PRECOMPS_INCLUDE_HEADERS_FROM_BUILT_PRODUCTS_DIR = YES;
				PRODUCT_NAME = "$(TARGET_NAME)";
				SHARED_PRECOMPS_DIR = "$(CACHE_ROOT)/SharedPrecompiledHeaders";
				WRAPPER_EXTENSION = app;
			};
			name = Debug;
		};
		1118253614F2553A00F198A7 /* Release */ = {
			isa = XCBuildConfiguration;
			buildSettings = {
				CLANG_CXX_LANGUAGE_STANDARD = "c++0x";
				CLANG_CXX_LIBRARY = "libc++";
				COMBINE_HIDPI_IMAGES = YES;
				FRAMEWORK_SEARCH_PATHS = (
					"$(inherited)",
					"$(LOCAL_LIBRARY_DIR)/Frameworks",
				);
				GCC_PRECOMPILE_PREFIX_HEADER = NO;
				GCC_PREFIX_HEADER = "";
				GCC_PREPROCESSOR_DEFINITIONS_NOT_USED_IN_PRECOMPS = "$(OTHER_CFLAGS)";
				HEADER_SEARCH_PATHS = (
					"$(inherited)",
					"$(SRCROOT)/Libraries/bulletPhysics/src/**",
					"$(SRCROOT)/Libraries/v8/include/**",
					"$(SRCROOT)/Libraries/netLink/include/**",
					"$(SRCROOT)/Libraries/LeapSDK/include",
				);
				INFOPLIST_FILE = Source/Engine/macCompCode/Info.plist;
				LIBRARY_SEARCH_PATHS = (
					"$(inherited)",
					"$(SRCROOT)/Libraries/v8/out/native",
					"$(SRCROOT)/Libraries/netLink/out",
					"$(SRCROOT)/Libraries/LeapSDK/lib",
					"/Users/alexander/Desktop/Olypsum/Libraries/LeapSDK/lib/libc++",
				);
				PRECOMPS_INCLUDE_HEADERS_FROM_BUILT_PRODUCTS_DIR = YES;
				PRODUCT_NAME = "$(TARGET_NAME)";
				SHARED_PRECOMPS_DIR = "$(CACHE_ROOT)/SharedPrecompiledHeaders";
				WRAPPER_EXTENSION = app;
			};
			name = Release;
		};
/* End XCBuildConfiguration section */

/* Begin XCConfigurationList section */
		1118251014F2553900F198A7 /* Build configuration list for PBXProject "Olypsum" */ = {
			isa = XCConfigurationList;
			buildConfigurations = (
				1118253214F2553A00F198A7 /* Debug */,
				1118253314F2553A00F198A7 /* Release */,
			);
			defaultConfigurationIsVisible = 0;
			defaultConfigurationName = Release;
		};
		1118253414F2553A00F198A7 /* Build configuration list for PBXNativeTarget "Olypsum" */ = {
			isa = XCConfigurationList;
			buildConfigurations = (
				1118253514F2553A00F198A7 /* Debug */,
				1118253614F2553A00F198A7 /* Release */,
			);
			defaultConfigurationIsVisible = 0;
			defaultConfigurationName = Release;
		};
/* End XCConfigurationList section */
	};
	rootObject = 1118250D14F2553900F198A7 /* Project object */;
}
